// !$*UTF8*$!
{
	archiveVersion = 1;
	classes = {
	};
	objectVersion = 51;
	objects = {

/* Begin PBXAggregateTarget section */
		C753F911AC4406BB213AF620 /* TimeboxAll */ = {
			isa = PBXAggregateTarget;
			buildConfigurationList = CEC3E68D353D73D27834B594 /* Build configuration list for PBXAggregateTarget "TimeboxAll" */;
			buildPhases = (
			);
			dependencies = (
				3EEC79549E6EE5F6AABD34F4 /* PBXTargetDependency */,
				23C2C85F07E084037F5126B9 /* PBXTargetDependency */,
			);
			name = TimeboxAll;
			productName = TimeboxAll;
		};
/* End PBXAggregateTarget section */

/* Begin PBXBuildFile section */
		00E8DA056401ED5CAAEB03C6 /* SFSymbols.xcassets in Resources */ = {isa = PBXBuildFile; fileRef = 433EEECF7AAF3B1276909414 /* SFSymbols.xcassets */; };
		0610C9F38B0464B24C1514FE /* TimeboxMacOSApp in Frameworks */ = {isa = PBXBuildFile; productRef = 110C7D17ED946185A7D37869 /* TimeboxMacOSApp */; };
		477196086B437FA7A4D7F752 /* Media.xcassets in Resources */ = {isa = PBXBuildFile; fileRef = FCF56B156BFDAA5DAC35B894 /* Media.xcassets */; };
		52E01F385F12EC3FEF152C0D /* Media.xcassets in Resources */ = {isa = PBXBuildFile; fileRef = FCF56B156BFDAA5DAC35B894 /* Media.xcassets */; };
		7375AB4521D198ADBC0C1D50 /* Main.storyboard in Resources */ = {isa = PBXBuildFile; fileRef = 148B7705BD338632681F04DC /* Main.storyboard */; };
		77005E1C6C9A2139DD654695 /* Assets.xcassets in Resources */ = {isa = PBXBuildFile; fileRef = 3064640E336C8FB387B627EE /* Assets.xcassets */; };
		869F62CBEE8F8517D9EAEA8F /* AppDelegate-macOS.swift in Sources */ = {isa = PBXBuildFile; fileRef = 021F42349EBAFD13711DB88D /* AppDelegate-macOS.swift */; };
		9D40AF4A02368E746D6648FC /* TimeboxIOSApp in Frameworks */ = {isa = PBXBuildFile; productRef = 9142474C51F4E44817F4FA46 /* TimeboxIOSApp */; };
		A573F2A944B6EB7333FB176E /* Assets.xcassets in Resources */ = {isa = PBXBuildFile; fileRef = 3064640E336C8FB387B627EE /* Assets.xcassets */; };
		B23F9F1B41245D578A24E04A /* AppDelegate-iOS.swift in Sources */ = {isa = PBXBuildFile; fileRef = F981ABE7D09D3EF66B3C0A27 /* AppDelegate-iOS.swift */; };
		F5414AE3FC916CB5827EC985 /* SFSymbols.xcassets in Resources */ = {isa = PBXBuildFile; fileRef = 433EEECF7AAF3B1276909414 /* SFSymbols.xcassets */; };
/* End PBXBuildFile section */

/* Begin PBXContainerItemProxy section */
		09F4EFE0281E267029F3C9C9 /* PBXContainerItemProxy */ = {
			isa = PBXContainerItemProxy;
			containerPortal = 714355C15AAE56149B301C4D /* Project object */;
			proxyType = 1;
			remoteGlobalIDString = AA0444708CDD5A82C546A1A7;
			remoteInfo = "macOS-app";
		};
		D4ABD0FB3809CEEC50FB8D63 /* PBXContainerItemProxy */ = {
			isa = PBXContainerItemProxy;
			containerPortal = 714355C15AAE56149B301C4D /* Project object */;
			proxyType = 1;
			remoteGlobalIDString = 14F498C7FC8A915B91E7F617;
			remoteInfo = "iOS-app";
		};
/* End PBXContainerItemProxy section */

/* Begin PBXFileReference section */
		021F42349EBAFD13711DB88D /* AppDelegate-macOS.swift */ = {isa = PBXFileReference; lastKnownFileType = sourcecode.swift; path = "AppDelegate-macOS.swift"; sourceTree = "<group>"; };
		148B7705BD338632681F04DC /* Main.storyboard */ = {isa = PBXFileReference; lastKnownFileType = file.storyboard; path = Main.storyboard; sourceTree = "<group>"; };
		3064640E336C8FB387B627EE /* Assets.xcassets */ = {isa = PBXFileReference; lastKnownFileType = folder.assetcatalog; path = Assets.xcassets; sourceTree = "<group>"; };
		433EEECF7AAF3B1276909414 /* SFSymbols.xcassets */ = {isa = PBXFileReference; lastKnownFileType = folder.assetcatalog; path = SFSymbols.xcassets; sourceTree = "<group>"; };
		631CF7C8F2E9E2D909DBC29B /* TimeboxMacOSApp */ = {isa = PBXFileReference; lastKnownFileType = folder; name = TimeboxMacOSApp; path = Modules/TimeboxMacOSApp; sourceTree = SOURCE_ROOT; };
		64B74B88FCB6551B48C26DDC /* TimeboxIOSApp */ = {isa = PBXFileReference; lastKnownFileType = folder; name = TimeboxIOSApp; path = Modules/TimeboxIOSApp; sourceTree = SOURCE_ROOT; };
		74714F60B6CA279AE09FF1D6 /* macOS-app.app */ = {isa = PBXFileReference; explicitFileType = wrapper.application; includeInIndex = 0; path = "macOS-app.app"; sourceTree = BUILT_PRODUCTS_DIR; };
		94061B439B18BB3B6C8790A6 /* iOS-app.app */ = {isa = PBXFileReference; includeInIndex = 0; lastKnownFileType = wrapper.application; path = "iOS-app.app"; sourceTree = BUILT_PRODUCTS_DIR; };
		F981ABE7D09D3EF66B3C0A27 /* AppDelegate-iOS.swift */ = {isa = PBXFileReference; lastKnownFileType = sourcecode.swift; path = "AppDelegate-iOS.swift"; sourceTree = "<group>"; };
		FCF56B156BFDAA5DAC35B894 /* Media.xcassets */ = {isa = PBXFileReference; lastKnownFileType = folder.assetcatalog; path = Media.xcassets; sourceTree = "<group>"; };
/* End PBXFileReference section */

/* Begin PBXFrameworksBuildPhase section */
		07F27C75BDD14041194361BB /* Frameworks */ = {
			isa = PBXFrameworksBuildPhase;
			buildActionMask = 2147483647;
			files = (
				9D40AF4A02368E746D6648FC /* TimeboxIOSApp in Frameworks */,
			);
			runOnlyForDeploymentPostprocessing = 0;
		};
		61FF16806BF088DF30E5D30A /* Frameworks */ = {
			isa = PBXFrameworksBuildPhase;
			buildActionMask = 2147483647;
			files = (
				0610C9F38B0464B24C1514FE /* TimeboxMacOSApp in Frameworks */,
			);
			runOnlyForDeploymentPostprocessing = 0;
		};
/* End PBXFrameworksBuildPhase section */

/* Begin PBXGroup section */
		00A633CDCFA6F865876A5B4C /* TimeboxMacOSApp */ = {
			isa = PBXGroup;
			children = (
				5243D9B1DF81D122BFD43348 /* Sources */,
			);
			path = TimeboxMacOSApp;
			sourceTree = "<group>";
		};
		4943750423D93DE9F065987B = {
			isa = PBXGroup;
			children = (
				7895784E7B5AAA1775220FAB /* Modules */,
				6FC8AC829CCE232312FB934D /* Packages */,
				D0A9DD4F9B140BD7B3CE61A6 /* Shared */,
				C69546EBE6439725418C80A8 /* Sources */,
				984E4436CDE2DF06C9998AF0 /* Products */,
			);
			sourceTree = "<group>";
		};
		5243D9B1DF81D122BFD43348 /* Sources */ = {
			isa = PBXGroup;
			children = (
				9F1359BA2A99D888F65A6B3C /* TimeboxMacOSApp */,
			);
			path = Sources;
			sourceTree = "<group>";
		};
		6FC8AC829CCE232312FB934D /* Packages */ = {
			isa = PBXGroup;
			children = (
				64B74B88FCB6551B48C26DDC /* TimeboxIOSApp */,
				631CF7C8F2E9E2D909DBC29B /* TimeboxMacOSApp */,
			);
			name = Packages;
			sourceTree = SOURCE_ROOT;
		};
		71E28E18CC313E31DA7A4274 /* Generated */ = {
			isa = PBXGroup;
			children = (
				FCF56B156BFDAA5DAC35B894 /* Media.xcassets */,
			);
			path = Generated;
			sourceTree = "<group>";
		};
		7895784E7B5AAA1775220FAB /* Modules */ = {
			isa = PBXGroup;
			children = (
				00A633CDCFA6F865876A5B4C /* TimeboxMacOSApp */,
			);
			path = Modules;
			sourceTree = "<group>";
		};
		984E4436CDE2DF06C9998AF0 /* Products */ = {
			isa = PBXGroup;
			children = (
				94061B439B18BB3B6C8790A6 /* iOS-app.app */,
				74714F60B6CA279AE09FF1D6 /* macOS-app.app */,
			);
			name = Products;
			sourceTree = "<group>";
		};
		9F1359BA2A99D888F65A6B3C /* TimeboxMacOSApp */ = {
			isa = PBXGroup;
			children = (
				148B7705BD338632681F04DC /* Main.storyboard */,
			);
			path = TimeboxMacOSApp;
			sourceTree = "<group>";
		};
		C69546EBE6439725418C80A8 /* Sources */ = {
			isa = PBXGroup;
			children = (
				F981ABE7D09D3EF66B3C0A27 /* AppDelegate-iOS.swift */,
				021F42349EBAFD13711DB88D /* AppDelegate-macOS.swift */,
				71E28E18CC313E31DA7A4274 /* Generated */,
			);
			path = Sources;
			sourceTree = "<group>";
		};
		D0A9DD4F9B140BD7B3CE61A6 /* Shared */ = {
			isa = PBXGroup;
			children = (
				3064640E336C8FB387B627EE /* Assets.xcassets */,
				433EEECF7AAF3B1276909414 /* SFSymbols.xcassets */,
			);
			path = Shared;
			sourceTree = "<group>";
		};
/* End PBXGroup section */

/* Begin PBXNativeTarget section */
		14F498C7FC8A915B91E7F617 /* iOS-app */ = {
			isa = PBXNativeTarget;
			buildConfigurationList = 6D2DDDC0738FD5174DED07C4 /* Build configuration list for PBXNativeTarget "iOS-app" */;
			buildPhases = (
				B064AB2CE0DA463F0A1A7007 /* Sources */,
				C2586BC734C3E45E2E351572 /* Resources */,
				07F27C75BDD14041194361BB /* Frameworks */,
			);
			buildRules = (
			);
			dependencies = (
			);
			name = "iOS-app";
			packageProductDependencies = (
				9142474C51F4E44817F4FA46 /* TimeboxIOSApp */,
			);
			productName = "iOS-app";
			productReference = 94061B439B18BB3B6C8790A6 /* iOS-app.app */;
			productType = "com.apple.product-type.application";
		};
		AA0444708CDD5A82C546A1A7 /* macOS-app */ = {
			isa = PBXNativeTarget;
			buildConfigurationList = 6D99419D18D902D27354DC19 /* Build configuration list for PBXNativeTarget "macOS-app" */;
			buildPhases = (
				F4CCF377313741FC364EEDFB /* Sources */,
				A520251EEB7895EF689C789A /* Resources */,
				61FF16806BF088DF30E5D30A /* Frameworks */,
			);
			buildRules = (
			);
			dependencies = (
			);
			name = "macOS-app";
			packageProductDependencies = (
				110C7D17ED946185A7D37869 /* TimeboxMacOSApp */,
			);
			productName = "macOS-app";
			productReference = 74714F60B6CA279AE09FF1D6 /* macOS-app.app */;
			productType = "com.apple.product-type.application";
		};
/* End PBXNativeTarget section */

/* Begin PBXProject section */
		714355C15AAE56149B301C4D /* Project object */ = {
			isa = PBXProject;
			attributes = {
				LastUpgradeCheck = 1431;
				TargetAttributes = {
					14F498C7FC8A915B91E7F617 = {
						DevelopmentTeam = 465NA5BW7E;
						ProvisioningStyle = Automatic;
					};
					AA0444708CDD5A82C546A1A7 = {
						DevelopmentTeam = 465NA5BW7E;
						ProvisioningStyle = Automatic;
					};
					C753F911AC4406BB213AF620 = {
						DevelopmentTeam = 465NA5BW7E;
						ProvisioningStyle = Automatic;
					};
				};
			};
			buildConfigurationList = 06083EECF62695773A57F083 /* Build configuration list for PBXProject "Timebox" */;
			compatibilityVersion = "Xcode 11.0";
			developmentRegion = ca;
			hasScannedForEncodings = 0;
			knownRegions = (
				Base,
				ca,
			);
			mainGroup = 4943750423D93DE9F065987B;
			projectDirPath = "";
			projectRoot = "";
			targets = (
				C753F911AC4406BB213AF620 /* TimeboxAll */,
				14F498C7FC8A915B91E7F617 /* iOS-app */,
				AA0444708CDD5A82C546A1A7 /* macOS-app */,
			);
		};
/* End PBXProject section */

/* Begin PBXResourcesBuildPhase section */
		A520251EEB7895EF689C789A /* Resources */ = {
			isa = PBXResourcesBuildPhase;
			buildActionMask = 2147483647;
			files = (
				A573F2A944B6EB7333FB176E /* Assets.xcassets in Resources */,
				7375AB4521D198ADBC0C1D50 /* Main.storyboard in Resources */,
				52E01F385F12EC3FEF152C0D /* Media.xcassets in Resources */,
				F5414AE3FC916CB5827EC985 /* SFSymbols.xcassets in Resources */,
			);
			runOnlyForDeploymentPostprocessing = 0;
		};
		C2586BC734C3E45E2E351572 /* Resources */ = {
			isa = PBXResourcesBuildPhase;
			buildActionMask = 2147483647;
			files = (
				77005E1C6C9A2139DD654695 /* Assets.xcassets in Resources */,
				477196086B437FA7A4D7F752 /* Media.xcassets in Resources */,
				00E8DA056401ED5CAAEB03C6 /* SFSymbols.xcassets in Resources */,
			);
			runOnlyForDeploymentPostprocessing = 0;
		};
/* End PBXResourcesBuildPhase section */

/* Begin PBXSourcesBuildPhase section */
		B064AB2CE0DA463F0A1A7007 /* Sources */ = {
			isa = PBXSourcesBuildPhase;
			buildActionMask = 2147483647;
			files = (
				B23F9F1B41245D578A24E04A /* AppDelegate-iOS.swift in Sources */,
			);
			runOnlyForDeploymentPostprocessing = 0;
		};
		F4CCF377313741FC364EEDFB /* Sources */ = {
			isa = PBXSourcesBuildPhase;
			buildActionMask = 2147483647;
			files = (
				869F62CBEE8F8517D9EAEA8F /* AppDelegate-macOS.swift in Sources */,
			);
			runOnlyForDeploymentPostprocessing = 0;
		};
/* End PBXSourcesBuildPhase section */

/* Begin PBXTargetDependency section */
		23C2C85F07E084037F5126B9 /* PBXTargetDependency */ = {
			isa = PBXTargetDependency;
			target = 14F498C7FC8A915B91E7F617 /* iOS-app */;
			targetProxy = D4ABD0FB3809CEEC50FB8D63 /* PBXContainerItemProxy */;
		};
		3EEC79549E6EE5F6AABD34F4 /* PBXTargetDependency */ = {
			isa = PBXTargetDependency;
			target = AA0444708CDD5A82C546A1A7 /* macOS-app */;
			targetProxy = 09F4EFE0281E267029F3C9C9 /* PBXContainerItemProxy */;
		};
/* End PBXTargetDependency section */

/* Begin XCBuildConfiguration section */
		5AB00E6A597BDD60AD44C214 /* Release */ = {
			isa = XCBuildConfiguration;
			buildSettings = {
				ALWAYS_SEARCH_USER_PATHS = NO;
				BUNDLE_VERSION = Local;
				CLANG_ANALYZER_NONNULL = YES;
				CLANG_ANALYZER_NUMBER_OBJECT_CONVERSION = YES_AGGRESSIVE;
				CLANG_CXX_LANGUAGE_STANDARD = "gnu++14";
				CLANG_CXX_LIBRARY = "libc++";
				CLANG_ENABLE_MODULES = YES;
				CLANG_ENABLE_OBJC_ARC = YES;
				CLANG_ENABLE_OBJC_WEAK = YES;
				CLANG_WARN_BLOCK_CAPTURE_AUTORELEASING = YES;
				CLANG_WARN_BOOL_CONVERSION = YES;
				CLANG_WARN_COMMA = YES;
				CLANG_WARN_CONSTANT_CONVERSION = YES;
				CLANG_WARN_DEPRECATED_OBJC_IMPLEMENTATIONS = YES;
				CLANG_WARN_DIRECT_OBJC_ISA_USAGE = YES_ERROR;
				CLANG_WARN_DOCUMENTATION_COMMENTS = YES;
				CLANG_WARN_EMPTY_BODY = YES;
				CLANG_WARN_ENUM_CONVERSION = YES;
				CLANG_WARN_INFINITE_RECURSION = YES;
				CLANG_WARN_INT_CONVERSION = YES;
				CLANG_WARN_NON_LITERAL_NULL_CONVERSION = YES;
				CLANG_WARN_OBJC_IMPLICIT_RETAIN_SELF = YES;
				CLANG_WARN_OBJC_LITERAL_CONVERSION = YES;
				CLANG_WARN_OBJC_ROOT_CLASS = YES_ERROR;
				CLANG_WARN_QUOTED_INCLUDE_IN_FRAMEWORK_HEADER = YES;
				CLANG_WARN_RANGE_LOOP_ANALYSIS = YES;
				CLANG_WARN_STRICT_PROTOTYPES = YES;
				CLANG_WARN_SUSPICIOUS_MOVE = YES;
				CLANG_WARN_UNGUARDED_AVAILABILITY = YES_AGGRESSIVE;
				CLANG_WARN_UNREACHABLE_CODE = YES;
				CLANG_WARN__DUPLICATE_METHOD_MATCH = YES;
				CODE_SIGN_STYLE = Automatic;
				COPY_PHASE_STRIP = NO;
				CURRENT_PROJECT_VERSION = "$(BUNDLE_VERSION)";
				DEBUG_INFORMATION_FORMAT = "dwarf-with-dsym";
				DEVELOPMENT_TEAM = 465NA5BW7E;
				ENABLE_HARDENED_RUNTIME = YES;
				ENABLE_NS_ASSERTIONS = NO;
				ENABLE_STRICT_OBJC_MSGSEND = YES;
				GCC_C_LANGUAGE_STANDARD = gnu11;
				GCC_NO_COMMON_BLOCKS = YES;
				GCC_WARN_64_TO_32_BIT_CONVERSION = YES;
				GCC_WARN_ABOUT_RETURN_TYPE = YES_ERROR;
				GCC_WARN_UNDECLARED_SELECTOR = YES;
				GCC_WARN_UNINITIALIZED_AUTOS = YES_AGGRESSIVE;
				GCC_WARN_UNUSED_FUNCTION = YES;
				GCC_WARN_UNUSED_VARIABLE = YES;
				GENERATE_INFOPLIST_FILE = YES;
				GE_BUNDLE_ID_EXTRA = "$(GE_BUNDLE_ID_EXTRA$(GE_PROJECT_KIND_SUFFIX))";
				GE_BUNDLE_ID_EXTRA__GE_PROJECT_KIND__ = .dev;
				GE_BUNDLE_ID_EXTRA__GE_PROJECT_KIND__AppStore = "";
				GE_BUNDLE_ID_PREFIX = "com.gentin$(GE_BUNDLE_ID_EXTRA)";
				GE_CONCURRENCY_SWIFT_FLAGS = "-warn-concurrency -enable-actor-data-race-checks";
				GE_DEVELOPMENT_CERTIFICATE = "Apple Development: Grigorii Entin (T6B3YCL946)";
				GE_PRODUCT_NAME_EXTRA = "$(GE_PRODUCT_NAME_EXTRA$(GE_PROJECT_KIND_SUFFIX))";
				GE_PRODUCT_NAME_EXTRA__PROJECT_KIND__ = .dev;
				GE_PRODUCT_NAME_EXTRA__PROJECT_KIND__AppStore = "";
				GE_PROJECT_KIND_SUFFIX = "__GE_PROJECT_KIND__$(GE_PROJECT_KIND)";
				INFOPLIST_KEY_CFBundleDisplayName = "Timebox$(GE_PRODUCT_NAME_EXTRA)";
				IPHONEOS_DEPLOYMENT_TARGET = 16.0;
				MACOSX_DEPLOYMENT_TARGET = 12.0;
				MARKETING_VERSION = 0.1;
				MTL_ENABLE_DEBUG_INFO = NO;
				MTL_FAST_MATH = YES;
				OTHER_LDFLAGS = "-ObjC";
				OTHER_SWIFT_FLAGS = "$(GE_CONCURRENCY_SWIFT_FLAGS)";
				PRODUCT_BUNDLE_IDENTIFIER = "$(GE_BUNDLE_ID_PREFIX).TimeboxApp";
				PRODUCT_NAME = "$(TARGET_NAME)$(GE_PRODUCT_NAME_EXTRA)";
				SWIFT_COMPILATION_MODE = wholemodule;
				SWIFT_OPTIMIZATION_LEVEL = "-O";
				SWIFT_STRICT_CONCURRENCY = complete;
				SWIFT_VERSION = 5.0;
			};
			name = Release;
		};
		72D972A9A7CB4682ED96112C /* Debug */ = {
			isa = XCBuildConfiguration;
			buildSettings = {
			};
			name = Debug;
		};
		9CB5F3CAE39626C1367F36CC /* Debug */ = {
			isa = XCBuildConfiguration;
			buildSettings = {
				ASSETCATALOG_COMPILER_APPICON_NAME = AppIcon;
				CODE_SIGN_ENTITLEMENTS = "Sources/App-macOS.entitlements";
				CODE_SIGN_IDENTITY = "Apple Development";
				COMBINE_HIDPI_IMAGES = YES;
				INFOPLIST_FILE = "Sources/Info-macOS.plist";
				INFOPLIST_OTHER_PREPROCESSOR_FLAGS = "-CC";
				INFOPLIST_PREPROCESS = YES;
				LD_RUNPATH_SEARCH_PATHS = (
					"$(inherited)",
					"@executable_path/../Frameworks",
				);
				PRODUCT_NAME = Timebox;
				SDKROOT = macosx;
			};
			name = Debug;
		};
		A9EFEED7ECBB4AF43C1BDFB6 /* Debug */ = {
			isa = XCBuildConfiguration;
			buildSettings = {
				ASSETCATALOG_COMPILER_APPICON_NAME = AppIcon;
				CODE_SIGN_ENTITLEMENTS = "Sources/App-iOS.entitlements";
				CODE_SIGN_IDENTITY = "Apple Development";
				INFOPLIST_FILE = "Sources/Info-iOS.plist";
				INFOPLIST_OTHER_PREPROCESSOR_FLAGS = "-CC";
				INFOPLIST_PREPROCESS = YES;
				LD_RUNPATH_SEARCH_PATHS = (
					"$(inherited)",
					"@executable_path/Frameworks",
				);
				PRODUCT_NAME = Timebox;
				SDKROOT = iphoneos;
				TARGETED_DEVICE_FAMILY = "1,2";
			};
			name = Debug;
		};
		BE4F5ED39C29FDA511C8C9F0 /* Debug */ = {
			isa = XCBuildConfiguration;
			buildSettings = {
				ALWAYS_SEARCH_USER_PATHS = NO;
				BUNDLE_VERSION = Local;
				CLANG_ANALYZER_NONNULL = YES;
				CLANG_ANALYZER_NUMBER_OBJECT_CONVERSION = YES_AGGRESSIVE;
				CLANG_CXX_LANGUAGE_STANDARD = "gnu++14";
				CLANG_CXX_LIBRARY = "libc++";
				CLANG_ENABLE_MODULES = YES;
				CLANG_ENABLE_OBJC_ARC = YES;
				CLANG_ENABLE_OBJC_WEAK = YES;
				CLANG_WARN_BLOCK_CAPTURE_AUTORELEASING = YES;
				CLANG_WARN_BOOL_CONVERSION = YES;
				CLANG_WARN_COMMA = YES;
				CLANG_WARN_CONSTANT_CONVERSION = YES;
				CLANG_WARN_DEPRECATED_OBJC_IMPLEMENTATIONS = YES;
				CLANG_WARN_DIRECT_OBJC_ISA_USAGE = YES_ERROR;
				CLANG_WARN_DOCUMENTATION_COMMENTS = YES;
				CLANG_WARN_EMPTY_BODY = YES;
				CLANG_WARN_ENUM_CONVERSION = YES;
				CLANG_WARN_INFINITE_RECURSION = YES;
				CLANG_WARN_INT_CONVERSION = YES;
				CLANG_WARN_NON_LITERAL_NULL_CONVERSION = YES;
				CLANG_WARN_OBJC_IMPLICIT_RETAIN_SELF = YES;
				CLANG_WARN_OBJC_LITERAL_CONVERSION = YES;
				CLANG_WARN_OBJC_ROOT_CLASS = YES_ERROR;
				CLANG_WARN_QUOTED_INCLUDE_IN_FRAMEWORK_HEADER = YES;
				CLANG_WARN_RANGE_LOOP_ANALYSIS = YES;
				CLANG_WARN_STRICT_PROTOTYPES = YES;
				CLANG_WARN_SUSPICIOUS_MOVE = YES;
				CLANG_WARN_UNGUARDED_AVAILABILITY = YES_AGGRESSIVE;
				CLANG_WARN_UNREACHABLE_CODE = YES;
				CLANG_WARN__DUPLICATE_METHOD_MATCH = YES;
				CODE_SIGN_STYLE = Automatic;
				COPY_PHASE_STRIP = NO;
				CURRENT_PROJECT_VERSION = "$(BUNDLE_VERSION)";
				DEBUG_INFORMATION_FORMAT = dwarf;
				DEVELOPMENT_TEAM = 465NA5BW7E;
				ENABLE_HARDENED_RUNTIME = YES;
				ENABLE_STRICT_OBJC_MSGSEND = YES;
				ENABLE_TESTABILITY = YES;
				GCC_C_LANGUAGE_STANDARD = gnu11;
				GCC_DYNAMIC_NO_PIC = NO;
				GCC_NO_COMMON_BLOCKS = YES;
				GCC_OPTIMIZATION_LEVEL = 0;
				GCC_PREPROCESSOR_DEFINITIONS = (
					"$(inherited)",
					"DEBUG=1",
				);
				GCC_WARN_64_TO_32_BIT_CONVERSION = YES;
				GCC_WARN_ABOUT_RETURN_TYPE = YES_ERROR;
				GCC_WARN_UNDECLARED_SELECTOR = YES;
				GCC_WARN_UNINITIALIZED_AUTOS = YES_AGGRESSIVE;
				GCC_WARN_UNUSED_FUNCTION = YES;
				GCC_WARN_UNUSED_VARIABLE = YES;
				GENERATE_INFOPLIST_FILE = YES;
				GE_BUNDLE_ID_EXTRA = "$(GE_BUNDLE_ID_EXTRA$(GE_PROJECT_KIND_SUFFIX))";
				GE_BUNDLE_ID_EXTRA__GE_PROJECT_KIND__ = .dev;
				GE_BUNDLE_ID_EXTRA__GE_PROJECT_KIND__AppStore = "";
				GE_BUNDLE_ID_PREFIX = "com.gentin$(GE_BUNDLE_ID_EXTRA)";
				GE_CONCURRENCY_SWIFT_FLAGS = "-warn-concurrency -enable-actor-data-race-checks";
				GE_DEVELOPMENT_CERTIFICATE = "Apple Development: Grigorii Entin (T6B3YCL946)";
				GE_PRODUCT_NAME_EXTRA = "$(GE_PRODUCT_NAME_EXTRA$(GE_PROJECT_KIND_SUFFIX))";
				GE_PRODUCT_NAME_EXTRA__PROJECT_KIND__ = .dev;
				GE_PRODUCT_NAME_EXTRA__PROJECT_KIND__AppStore = "";
				GE_PROJECT_KIND_SUFFIX = "__GE_PROJECT_KIND__$(GE_PROJECT_KIND)";
				INFOPLIST_KEY_CFBundleDisplayName = "Timebox$(GE_PRODUCT_NAME_EXTRA)";
				IPHONEOS_DEPLOYMENT_TARGET = 16.0;
				MACOSX_DEPLOYMENT_TARGET = 12.0;
				MARKETING_VERSION = 0.1;
				MTL_ENABLE_DEBUG_INFO = INCLUDE_SOURCE;
				MTL_FAST_MATH = YES;
				ONLY_ACTIVE_ARCH = YES;
				OTHER_LDFLAGS = "-ObjC";
				OTHER_SWIFT_FLAGS = "$(GE_CONCURRENCY_SWIFT_FLAGS)";
				PRODUCT_BUNDLE_IDENTIFIER = "$(GE_BUNDLE_ID_PREFIX).TimeboxApp";
				PRODUCT_NAME = "$(TARGET_NAME)$(GE_PRODUCT_NAME_EXTRA)";
				SWIFT_ACTIVE_COMPILATION_CONDITIONS = DEBUG;
				SWIFT_OPTIMIZATION_LEVEL = "-Onone";
				SWIFT_STRICT_CONCURRENCY = complete;
				SWIFT_VERSION = 5.0;
			};
			name = Debug;
		};
		C9E901FC7AD20D9A2D531066 /* Release */ = {
			isa = XCBuildConfiguration;
			buildSettings = {
				ASSETCATALOG_COMPILER_APPICON_NAME = AppIcon;
				CODE_SIGN_ENTITLEMENTS = "Sources/App-macOS.entitlements";
				CODE_SIGN_IDENTITY = "Apple Development";
				COMBINE_HIDPI_IMAGES = YES;
				INFOPLIST_FILE = "Sources/Info-macOS.plist";
				INFOPLIST_OTHER_PREPROCESSOR_FLAGS = "-CC";
				INFOPLIST_PREPROCESS = YES;
				LD_RUNPATH_SEARCH_PATHS = (
					"$(inherited)",
					"@executable_path/../Frameworks",
				);
				PRODUCT_NAME = Timebox;
				SDKROOT = macosx;
			};
			name = Release;
		};
		E1E77F10B721341220A5FDF9 /* Release */ = {
			isa = XCBuildConfiguration;
			buildSettings = {
			};
			name = Release;
		};
		E3A3D01A3308FF1FCDB7ABAB /* Release */ = {
			isa = XCBuildConfiguration;
			buildSettings = {
				ASSETCATALOG_COMPILER_APPICON_NAME = AppIcon;
				CODE_SIGN_ENTITLEMENTS = "Sources/App-iOS.entitlements";
				CODE_SIGN_IDENTITY = "Apple Development";
				INFOPLIST_FILE = "Sources/Info-iOS.plist";
				INFOPLIST_OTHER_PREPROCESSOR_FLAGS = "-CC";
				INFOPLIST_PREPROCESS = YES;
				LD_RUNPATH_SEARCH_PATHS = (
					"$(inherited)",
					"@executable_path/Frameworks",
				);
				PRODUCT_NAME = Timebox;
				SDKROOT = iphoneos;
				TARGETED_DEVICE_FAMILY = "1,2";
			};
			name = Release;
		};
/* End XCBuildConfiguration section */

/* Begin XCConfigurationList section */
		06083EECF62695773A57F083 /* Build configuration list for PBXProject "Timebox" */ = {
			isa = XCConfigurationList;
			buildConfigurations = (
				BE4F5ED39C29FDA511C8C9F0 /* Debug */,
				5AB00E6A597BDD60AD44C214 /* Release */,
			);
			defaultConfigurationIsVisible = 0;
			defaultConfigurationName = Debug;
		};
		6D2DDDC0738FD5174DED07C4 /* Build configuration list for PBXNativeTarget "iOS-app" */ = {
			isa = XCConfigurationList;
			buildConfigurations = (
				A9EFEED7ECBB4AF43C1BDFB6 /* Debug */,
				E3A3D01A3308FF1FCDB7ABAB /* Release */,
			);
			defaultConfigurationIsVisible = 0;
			defaultConfigurationName = Debug;
		};
		6D99419D18D902D27354DC19 /* Build configuration list for PBXNativeTarget "macOS-app" */ = {
			isa = XCConfigurationList;
			buildConfigurations = (
				9CB5F3CAE39626C1367F36CC /* Debug */,
				C9E901FC7AD20D9A2D531066 /* Release */,
			);
			defaultConfigurationIsVisible = 0;
			defaultConfigurationName = Debug;
		};
		CEC3E68D353D73D27834B594 /* Build configuration list for PBXAggregateTarget "TimeboxAll" */ = {
			isa = XCConfigurationList;
			buildConfigurations = (
				72D972A9A7CB4682ED96112C /* Debug */,
				E1E77F10B721341220A5FDF9 /* Release */,
			);
			defaultConfigurationIsVisible = 0;
			defaultConfigurationName = Debug;
		};
/* End XCConfigurationList section */

/* Begin XCSwiftPackageProductDependency section */
		110C7D17ED946185A7D37869 /* TimeboxMacOSApp */ = {
			isa = XCSwiftPackageProductDependency;
			productName = TimeboxMacOSApp;
		};
		9142474C51F4E44817F4FA46 /* TimeboxIOSApp */ = {
			isa = XCSwiftPackageProductDependency;
			productName = TimeboxIOSApp;
		};
/* End XCSwiftPackageProductDependency section */
	};
	rootObject = 714355C15AAE56149B301C4D /* Project object */;
}
