// !$*UTF8*$!
{
	archiveVersion = 1;
	classes = {
	};
	objectVersion = 52;
	objects = {

/* Begin PBXBuildFile section */
		A1B6EB3C24A4EC160008D87B /* Assets.xcassets in Resources */ = {isa = PBXBuildFile; fileRef = A1B6EB1124A4EC150008D87B /* Assets.xcassets */; };
		A1B6EB3D24A4EC160008D87B /* Assets.xcassets in Resources */ = {isa = PBXBuildFile; fileRef = A1B6EB1124A4EC150008D87B /* Assets.xcassets */; };
		A1C7B6D924B15D6800B9A0A4 /* SFSymbols.xcassets in Resources */ = {isa = PBXBuildFile; fileRef = A1C7B6D824B15D6500B9A0A4 /* SFSymbols.xcassets */; };
		A1C7B6DA24B15D6800B9A0A4 /* SFSymbols.xcassets in Resources */ = {isa = PBXBuildFile; fileRef = A1C7B6D824B15D6500B9A0A4 /* SFSymbols.xcassets */; };
		C456DFED274047E90061B727 /* MultiplatformTimeboxMenuBarApp in Frameworks */ = {isa = PBXBuildFile; productRef = C456DFEC274047E90061B727 /* MultiplatformTimeboxMenuBarApp */; };
		C456DFEF274048BE0061B727 /* AppDelegate-MenuBarApp.swift in Sources */ = {isa = PBXBuildFile; fileRef = C456DFEE274048A20061B727 /* AppDelegate-MenuBarApp.swift */; };
		C456DFF0274049090061B727 /* Main.storyboard in Resources */ = {isa = PBXBuildFile; fileRef = C47E7356273EF48500782DE0 /* Main.storyboard */; };
		C45CACBB24BACCB000D0214F /* CloudKit.framework in Frameworks */ = {isa = PBXBuildFile; fileRef = C499F94B24B3E9CE00DB0542 /* CloudKit.framework */; };
		C45CACBD24BACCB000D0214F /* SFSymbols.xcassets in Resources */ = {isa = PBXBuildFile; fileRef = A1C7B6D824B15D6500B9A0A4 /* SFSymbols.xcassets */; };
		C45CACBE24BACCB000D0214F /* Assets.xcassets in Resources */ = {isa = PBXBuildFile; fileRef = A1B6EB1124A4EC150008D87B /* Assets.xcassets */; };
		C4623921273FC9D900652E94 /* AppDelegate-iOS.swift in Sources */ = {isa = PBXBuildFile; fileRef = C4623920273FC9D900652E94 /* AppDelegate-iOS.swift */; };
		C4623927273FCD4100652E94 /* MultiplatformTimeboxIOSApp in Frameworks */ = {isa = PBXBuildFile; productRef = C4623926273FCD4100652E94 /* MultiplatformTimeboxIOSApp */; };
		C47E7357273EF48500782DE0 /* Main.storyboard in Resources */ = {isa = PBXBuildFile; fileRef = C47E7356273EF48500782DE0 /* Main.storyboard */; };
		C47E735A273EF4BD00782DE0 /* AppDelegate-macOS.swift in Sources */ = {isa = PBXBuildFile; fileRef = C47E7359273EF4BD00782DE0 /* AppDelegate-macOS.swift */; };
		C489C717253FB2A200E50C68 /* MultiplatformTimeboxMacOSApp in Frameworks */ = {isa = PBXBuildFile; productRef = C489C716253FB2A200E50C68 /* MultiplatformTimeboxMacOSApp */; };
		C499F94C24B3E9CE00DB0542 /* CloudKit.framework in Frameworks */ = {isa = PBXBuildFile; fileRef = C499F94B24B3E9CE00DB0542 /* CloudKit.framework */; };
		C499F94E24B3ED6700DB0542 /* CloudKit.framework in Frameworks */ = {isa = PBXBuildFile; fileRef = C499F94D24B3ED6700DB0542 /* CloudKit.framework */; };
/* End PBXBuildFile section */

/* Begin PBXCopyFilesBuildPhase section */
		C4D7F95424BAC52700546696 /* Embed PlugIns */ = {
			isa = PBXCopyFilesBuildPhase;
			buildActionMask = 2147483647;
			dstPath = "";
			dstSubfolderSpec = 13;
			files = (
			);
			name = "Embed PlugIns";
			runOnlyForDeploymentPostprocessing = 0;
		};
/* End PBXCopyFilesBuildPhase section */

/* Begin PBXFileReference section */
		A1B6EB1124A4EC150008D87B /* Assets.xcassets */ = {isa = PBXFileReference; lastKnownFileType = folder.assetcatalog; path = Assets.xcassets; sourceTree = "<group>"; };
		A1B6EB1624A4EC150008D87B /* MultiplatformTimebox.app */ = {isa = PBXFileReference; explicitFileType = wrapper.application; includeInIndex = 0; path = MultiplatformTimebox.app; sourceTree = BUILT_PRODUCTS_DIR; };
		A1B6EB1E24A4EC150008D87B /* MultiplatformTimebox.app */ = {isa = PBXFileReference; explicitFileType = wrapper.application; includeInIndex = 0; path = MultiplatformTimebox.app; sourceTree = BUILT_PRODUCTS_DIR; };
		A1C7B6D824B15D6500B9A0A4 /* SFSymbols.xcassets */ = {isa = PBXFileReference; lastKnownFileType = folder.assetcatalog; path = SFSymbols.xcassets; sourceTree = "<group>"; };
		C456DFEE274048A20061B727 /* AppDelegate-MenuBarApp.swift */ = {isa = PBXFileReference; lastKnownFileType = sourcecode.swift; path = "AppDelegate-MenuBarApp.swift"; sourceTree = "<group>"; };
		C45CACC324BACCB000D0214F /* MultiplatformTimebox-MenuBar.app */ = {isa = PBXFileReference; explicitFileType = wrapper.application; includeInIndex = 0; path = "MultiplatformTimebox-MenuBar.app"; sourceTree = BUILT_PRODUCTS_DIR; };
		C4623920273FC9D900652E94 /* AppDelegate-iOS.swift */ = {isa = PBXFileReference; fileEncoding = 4; lastKnownFileType = sourcecode.swift; path = "AppDelegate-iOS.swift"; sourceTree = "<group>"; };
		C4623923273FCA4300652E94 /* MultiplatformTimeboxIOSApp */ = {isa = PBXFileReference; lastKnownFileType = folder; name = MultiplatformTimeboxIOSApp; path = Modules/MultiplatformTimeboxIOSApp; sourceTree = "<group>"; };
		C47E7356273EF48500782DE0 /* Main.storyboard */ = {isa = PBXFileReference; fileEncoding = 4; lastKnownFileType = file.storyboard; name = Main.storyboard; path = Modules/MultiplatformTimeboxMacOSApp/Sources/MultiplatformTimeboxMacOSApp/Main.storyboard; sourceTree = "<group>"; };
		C47E7359273EF4BD00782DE0 /* AppDelegate-macOS.swift */ = {isa = PBXFileReference; lastKnownFileType = sourcecode.swift; path = "AppDelegate-macOS.swift"; sourceTree = "<group>"; };
		C489C70F253FB28100E50C68 /* MultiplatformTimeboxMacOSApp */ = {isa = PBXFileReference; lastKnownFileType = folder; name = MultiplatformTimeboxMacOSApp; path = Modules/MultiplatformTimeboxMacOSApp; sourceTree = "<group>"; };
		C48B408C274046C900B06F52 /* MultiplatformTimeboxMenuBarApp */ = {isa = PBXFileReference; lastKnownFileType = folder; name = MultiplatformTimeboxMenuBarApp; path = Modules/MultiplatformTimeboxMenuBarApp; sourceTree = "<group>"; };
		C499F94B24B3E9CE00DB0542 /* CloudKit.framework */ = {isa = PBXFileReference; lastKnownFileType = wrapper.framework; name = CloudKit.framework; path = System/Library/Frameworks/CloudKit.framework; sourceTree = SDKROOT; };
		C499F94D24B3ED6700DB0542 /* CloudKit.framework */ = {isa = PBXFileReference; lastKnownFileType = wrapper.framework; name = CloudKit.framework; path = Platforms/iPhoneOS.platform/Developer/SDKs/iPhoneOS14.0.sdk/System/Library/Frameworks/CloudKit.framework; sourceTree = DEVELOPER_DIR; };
/* End PBXFileReference section */

/* Begin PBXFrameworksBuildPhase section */
		A1B6EB1324A4EC150008D87B /* Frameworks */ = {
			isa = PBXFrameworksBuildPhase;
			buildActionMask = 2147483647;
			files = (
				C4623927273FCD4100652E94 /* MultiplatformTimeboxIOSApp in Frameworks */,
				C499F94E24B3ED6700DB0542 /* CloudKit.framework in Frameworks */,
			);
			runOnlyForDeploymentPostprocessing = 0;
		};
		A1B6EB1B24A4EC150008D87B /* Frameworks */ = {
			isa = PBXFrameworksBuildPhase;
			buildActionMask = 2147483647;
			files = (
				C489C717253FB2A200E50C68 /* MultiplatformTimeboxMacOSApp in Frameworks */,
				C499F94C24B3E9CE00DB0542 /* CloudKit.framework in Frameworks */,
			);
			runOnlyForDeploymentPostprocessing = 0;
		};
		C45CACBA24BACCB000D0214F /* Frameworks */ = {
			isa = PBXFrameworksBuildPhase;
			buildActionMask = 2147483647;
			files = (
				C456DFED274047E90061B727 /* MultiplatformTimeboxMenuBarApp in Frameworks */,
				C45CACBB24BACCB000D0214F /* CloudKit.framework in Frameworks */,
			);
			runOnlyForDeploymentPostprocessing = 0;
		};
/* End PBXFrameworksBuildPhase section */

/* Begin PBXGroup section */
		A1B6EB0924A4EC120008D87B = {
			isa = PBXGroup;
			children = (
				C456DFF1274049540061B727 /* Sources */,
				C47E7356273EF48500782DE0 /* Main.storyboard */,
				C4623922273FCA4300652E94 /* Packages */,
				A1B6EB0E24A4EC130008D87B /* Shared */,
				A1B6EB1724A4EC150008D87B /* Products */,
				C499F94A24B3E9CE00DB0542 /* Frameworks */,
			);
			sourceTree = "<group>";
		};
		A1B6EB0E24A4EC130008D87B /* Shared */ = {
			isa = PBXGroup;
			children = (
				A1B6EB1124A4EC150008D87B /* Assets.xcassets */,
				A1C7B6D824B15D6500B9A0A4 /* SFSymbols.xcassets */,
			);
			path = Shared;
			sourceTree = "<group>";
		};
		A1B6EB1724A4EC150008D87B /* Products */ = {
			isa = PBXGroup;
			children = (
				A1B6EB1624A4EC150008D87B /* MultiplatformTimebox.app */,
				A1B6EB1E24A4EC150008D87B /* MultiplatformTimebox.app */,
				C45CACC324BACCB000D0214F /* MultiplatformTimebox-MenuBar.app */,
			);
			name = Products;
			sourceTree = "<group>";
		};
		C456DFF1274049540061B727 /* Sources */ = {
			isa = PBXGroup;
			children = (
				C47E7359273EF4BD00782DE0 /* AppDelegate-macOS.swift */,
				C4623920273FC9D900652E94 /* AppDelegate-iOS.swift */,
				C456DFEE274048A20061B727 /* AppDelegate-MenuBarApp.swift */,
			);
			path = Sources;
			sourceTree = "<group>";
		};
		C4623922273FCA4300652E94 /* Packages */ = {
			isa = PBXGroup;
			children = (
				C489C70F253FB28100E50C68 /* MultiplatformTimeboxMacOSApp */,
				C4623923273FCA4300652E94 /* MultiplatformTimeboxIOSApp */,
				C48B408C274046C900B06F52 /* MultiplatformTimeboxMenuBarApp */,
			);
			name = Packages;
			sourceTree = "<group>";
		};
		C499F94A24B3E9CE00DB0542 /* Frameworks */ = {
			isa = PBXGroup;
			children = (
				C499F94D24B3ED6700DB0542 /* CloudKit.framework */,
				C499F94B24B3E9CE00DB0542 /* CloudKit.framework */,
			);
			name = Frameworks;
			sourceTree = "<group>";
		};
/* End PBXGroup section */

/* Begin PBXNativeTarget section */
		A1B6EB1524A4EC150008D87B /* iOS-app */ = {
			isa = PBXNativeTarget;
			buildConfigurationList = A1B6EB4024A4EC160008D87B /* Build configuration list for PBXNativeTarget "iOS-app" */;
			buildPhases = (
				A1B6EB1224A4EC150008D87B /* Sources */,
				A1B6EB1324A4EC150008D87B /* Frameworks */,
				A1B6EB1424A4EC150008D87B /* Resources */,
				C4D7F95424BAC52700546696 /* Embed PlugIns */,
			);
			buildRules = (
			);
			dependencies = (
			);
			name = "iOS-app";
			packageProductDependencies = (
				C4623926273FCD4100652E94 /* MultiplatformTimeboxIOSApp */,
			);
			productName = iOS;
			productReference = A1B6EB1624A4EC150008D87B /* MultiplatformTimebox.app */;
			productType = "com.apple.product-type.application";
		};
		A1B6EB1D24A4EC150008D87B /* macOS-app */ = {
			isa = PBXNativeTarget;
			buildConfigurationList = A1B6EB4324A4EC160008D87B /* Build configuration list for PBXNativeTarget "macOS-app" */;
			buildPhases = (
				A1B6EB1A24A4EC150008D87B /* Sources */,
				A1B6EB1B24A4EC150008D87B /* Frameworks */,
				A1B6EB1C24A4EC150008D87B /* Resources */,
			);
			buildRules = (
			);
			dependencies = (
			);
			name = "macOS-app";
			packageProductDependencies = (
				C489C716253FB2A200E50C68 /* MultiplatformTimeboxMacOSApp */,
			);
			productName = macOS;
			productReference = A1B6EB1E24A4EC150008D87B /* MultiplatformTimebox.app */;
			productType = "com.apple.product-type.application";
		};
		C45CAC9C24BACCB000D0214F /* macOS-menuBarApp */ = {
			isa = PBXNativeTarget;
			buildConfigurationList = C45CACC024BACCB000D0214F /* Build configuration list for PBXNativeTarget "macOS-menuBarApp" */;
			buildPhases = (
				C45CAC9D24BACCB000D0214F /* Sources */,
				C45CACBA24BACCB000D0214F /* Frameworks */,
				C45CACBC24BACCB000D0214F /* Resources */,
			);
			buildRules = (
			);
			dependencies = (
			);
			name = "macOS-menuBarApp";
			packageProductDependencies = (
				C456DFEC274047E90061B727 /* MultiplatformTimeboxMenuBarApp */,
			);
			productName = macOS;
			productReference = C45CACC324BACCB000D0214F /* MultiplatformTimebox-MenuBar.app */;
			productType = "com.apple.product-type.application";
		};
/* End PBXNativeTarget section */

/* Begin PBXProject section */
		A1B6EB0A24A4EC120008D87B /* Project object */ = {
			isa = PBXProject;
			attributes = {
				LastSwiftUpdateCheck = 1200;
				LastUpgradeCheck = 1200;
				TargetAttributes = {
					A1B6EB1524A4EC150008D87B = {
						CreatedOnToolsVersion = 12.0;
						LastSwiftMigration = 1310;
					};
					A1B6EB1D24A4EC150008D87B = {
						CreatedOnToolsVersion = 12.0;
						LastSwiftMigration = 1310;
					};
				};
			};
			buildConfigurationList = A1B6EB0D24A4EC120008D87B /* Build configuration list for PBXProject "MultiplatformTimebox" */;
			compatibilityVersion = "Xcode 9.3";
			developmentRegion = en;
			hasScannedForEncodings = 0;
			knownRegions = (
				en,
				Base,
				ru,
			);
			mainGroup = A1B6EB0924A4EC120008D87B;
			packageReferences = (
			);
			productRefGroup = A1B6EB1724A4EC150008D87B /* Products */;
			projectDirPath = "";
			projectRoot = "";
			targets = (
				A1B6EB1524A4EC150008D87B /* iOS-app */,
				A1B6EB1D24A4EC150008D87B /* macOS-app */,
				C45CAC9C24BACCB000D0214F /* macOS-menuBarApp */,
			);
		};
/* End PBXProject section */

/* Begin PBXResourcesBuildPhase section */
		A1B6EB1424A4EC150008D87B /* Resources */ = {
			isa = PBXResourcesBuildPhase;
			buildActionMask = 2147483647;
			files = (
				A1C7B6D924B15D6800B9A0A4 /* SFSymbols.xcassets in Resources */,
				A1B6EB3C24A4EC160008D87B /* Assets.xcassets in Resources */,
			);
			runOnlyForDeploymentPostprocessing = 0;
		};
		A1B6EB1C24A4EC150008D87B /* Resources */ = {
			isa = PBXResourcesBuildPhase;
			buildActionMask = 2147483647;
			files = (
				C47E7357273EF48500782DE0 /* Main.storyboard in Resources */,
				A1C7B6DA24B15D6800B9A0A4 /* SFSymbols.xcassets in Resources */,
				A1B6EB3D24A4EC160008D87B /* Assets.xcassets in Resources */,
			);
			runOnlyForDeploymentPostprocessing = 0;
		};
		C45CACBC24BACCB000D0214F /* Resources */ = {
			isa = PBXResourcesBuildPhase;
			buildActionMask = 2147483647;
			files = (
				C456DFF0274049090061B727 /* Main.storyboard in Resources */,
				C45CACBD24BACCB000D0214F /* SFSymbols.xcassets in Resources */,
				C45CACBE24BACCB000D0214F /* Assets.xcassets in Resources */,
			);
			runOnlyForDeploymentPostprocessing = 0;
		};
/* End PBXResourcesBuildPhase section */

/* Begin PBXSourcesBuildPhase section */
		A1B6EB1224A4EC150008D87B /* Sources */ = {
			isa = PBXSourcesBuildPhase;
			buildActionMask = 2147483647;
			files = (
				C4623921273FC9D900652E94 /* AppDelegate-iOS.swift in Sources */,
			);
			runOnlyForDeploymentPostprocessing = 0;
		};
		A1B6EB1A24A4EC150008D87B /* Sources */ = {
			isa = PBXSourcesBuildPhase;
			buildActionMask = 2147483647;
			files = (
				C47E735A273EF4BD00782DE0 /* AppDelegate-macOS.swift in Sources */,
			);
			runOnlyForDeploymentPostprocessing = 0;
		};
		C45CAC9D24BACCB000D0214F /* Sources */ = {
			isa = PBXSourcesBuildPhase;
			buildActionMask = 2147483647;
			files = (
				C456DFEF274048BE0061B727 /* AppDelegate-MenuBarApp.swift in Sources */,
			);
			runOnlyForDeploymentPostprocessing = 0;
		};
/* End PBXSourcesBuildPhase section */

/* Begin XCBuildConfiguration section */
		A1B6EB3E24A4EC160008D87B /* Debug */ = {
			isa = XCBuildConfiguration;
			buildSettings = {
				ALWAYS_SEARCH_USER_PATHS = NO;
				CLANG_ANALYZER_NONNULL = YES;
				CLANG_ANALYZER_NUMBER_OBJECT_CONVERSION = YES_AGGRESSIVE;
				CLANG_CXX_LANGUAGE_STANDARD = "gnu++14";
				CLANG_CXX_LIBRARY = "libc++";
				CLANG_ENABLE_MODULES = YES;
				CLANG_ENABLE_OBJC_ARC = YES;
				CLANG_ENABLE_OBJC_WEAK = YES;
				CLANG_WARN_BLOCK_CAPTURE_AUTORELEASING = YES;
				CLANG_WARN_BOOL_CONVERSION = YES;
				CLANG_WARN_COMMA = YES;
				CLANG_WARN_CONSTANT_CONVERSION = YES;
				CLANG_WARN_DEPRECATED_OBJC_IMPLEMENTATIONS = YES;
				CLANG_WARN_DIRECT_OBJC_ISA_USAGE = YES_ERROR;
				CLANG_WARN_DOCUMENTATION_COMMENTS = YES;
				CLANG_WARN_EMPTY_BODY = YES;
				CLANG_WARN_ENUM_CONVERSION = YES;
				CLANG_WARN_INFINITE_RECURSION = YES;
				CLANG_WARN_INT_CONVERSION = YES;
				CLANG_WARN_NON_LITERAL_NULL_CONVERSION = YES;
				CLANG_WARN_OBJC_IMPLICIT_RETAIN_SELF = YES;
				CLANG_WARN_OBJC_LITERAL_CONVERSION = YES;
				CLANG_WARN_OBJC_ROOT_CLASS = YES_ERROR;
				CLANG_WARN_QUOTED_INCLUDE_IN_FRAMEWORK_HEADER = YES;
				CLANG_WARN_RANGE_LOOP_ANALYSIS = YES;
				CLANG_WARN_STRICT_PROTOTYPES = YES;
				CLANG_WARN_SUSPICIOUS_MOVE = YES;
				CLANG_WARN_UNGUARDED_AVAILABILITY = YES_AGGRESSIVE;
				CLANG_WARN_UNREACHABLE_CODE = YES;
				CLANG_WARN__DUPLICATE_METHOD_MATCH = YES;
				COPY_PHASE_STRIP = NO;
				DEBUG_INFORMATION_FORMAT = dwarf;
				ENABLE_STRICT_OBJC_MSGSEND = YES;
				ENABLE_TESTABILITY = YES;
				GCC_C_LANGUAGE_STANDARD = gnu11;
				GCC_DYNAMIC_NO_PIC = NO;
				GCC_NO_COMMON_BLOCKS = YES;
				GCC_OPTIMIZATION_LEVEL = 0;
				GCC_PREPROCESSOR_DEFINITIONS = (
					"DEBUG=1",
					"$(inherited)",
				);
				GCC_WARN_64_TO_32_BIT_CONVERSION = YES;
				GCC_WARN_ABOUT_RETURN_TYPE = YES_ERROR;
				GCC_WARN_UNDECLARED_SELECTOR = YES;
				GCC_WARN_UNINITIALIZED_AUTOS = YES_AGGRESSIVE;
				GCC_WARN_UNUSED_FUNCTION = YES;
				GCC_WARN_UNUSED_VARIABLE = YES;
				MTL_ENABLE_DEBUG_INFO = INCLUDE_SOURCE;
				MTL_FAST_MATH = YES;
				ONLY_ACTIVE_ARCH = YES;
				SWIFT_ACTIVE_COMPILATION_CONDITIONS = DEBUG;
				SWIFT_OPTIMIZATION_LEVEL = "-Onone";
			};
			name = Debug;
		};
		A1B6EB3F24A4EC160008D87B /* Release */ = {
			isa = XCBuildConfiguration;
			buildSettings = {
				ALWAYS_SEARCH_USER_PATHS = NO;
				CLANG_ANALYZER_NONNULL = YES;
				CLANG_ANALYZER_NUMBER_OBJECT_CONVERSION = YES_AGGRESSIVE;
				CLANG_CXX_LANGUAGE_STANDARD = "gnu++14";
				CLANG_CXX_LIBRARY = "libc++";
				CLANG_ENABLE_MODULES = YES;
				CLANG_ENABLE_OBJC_ARC = YES;
				CLANG_ENABLE_OBJC_WEAK = YES;
				CLANG_WARN_BLOCK_CAPTURE_AUTORELEASING = YES;
				CLANG_WARN_BOOL_CONVERSION = YES;
				CLANG_WARN_COMMA = YES;
				CLANG_WARN_CONSTANT_CONVERSION = YES;
				CLANG_WARN_DEPRECATED_OBJC_IMPLEMENTATIONS = YES;
				CLANG_WARN_DIRECT_OBJC_ISA_USAGE = YES_ERROR;
				CLANG_WARN_DOCUMENTATION_COMMENTS = YES;
				CLANG_WARN_EMPTY_BODY = YES;
				CLANG_WARN_ENUM_CONVERSION = YES;
				CLANG_WARN_INFINITE_RECURSION = YES;
				CLANG_WARN_INT_CONVERSION = YES;
				CLANG_WARN_NON_LITERAL_NULL_CONVERSION = YES;
				CLANG_WARN_OBJC_IMPLICIT_RETAIN_SELF = YES;
				CLANG_WARN_OBJC_LITERAL_CONVERSION = YES;
				CLANG_WARN_OBJC_ROOT_CLASS = YES_ERROR;
				CLANG_WARN_QUOTED_INCLUDE_IN_FRAMEWORK_HEADER = YES;
				CLANG_WARN_RANGE_LOOP_ANALYSIS = YES;
				CLANG_WARN_STRICT_PROTOTYPES = YES;
				CLANG_WARN_SUSPICIOUS_MOVE = YES;
				CLANG_WARN_UNGUARDED_AVAILABILITY = YES_AGGRESSIVE;
				CLANG_WARN_UNREACHABLE_CODE = YES;
				CLANG_WARN__DUPLICATE_METHOD_MATCH = YES;
				COPY_PHASE_STRIP = NO;
				DEBUG_INFORMATION_FORMAT = "dwarf-with-dsym";
				ENABLE_NS_ASSERTIONS = NO;
				ENABLE_STRICT_OBJC_MSGSEND = YES;
				GCC_C_LANGUAGE_STANDARD = gnu11;
				GCC_NO_COMMON_BLOCKS = YES;
				GCC_WARN_64_TO_32_BIT_CONVERSION = YES;
				GCC_WARN_ABOUT_RETURN_TYPE = YES_ERROR;
				GCC_WARN_UNDECLARED_SELECTOR = YES;
				GCC_WARN_UNINITIALIZED_AUTOS = YES_AGGRESSIVE;
				GCC_WARN_UNUSED_FUNCTION = YES;
				GCC_WARN_UNUSED_VARIABLE = YES;
				MTL_ENABLE_DEBUG_INFO = NO;
				MTL_FAST_MATH = YES;
				SWIFT_COMPILATION_MODE = wholemodule;
				SWIFT_OPTIMIZATION_LEVEL = "-O";
			};
			name = Release;
		};
		A1B6EB4124A4EC160008D87B /* Debug */ = {
			isa = XCBuildConfiguration;
			buildSettings = {
				ASSETCATALOG_COMPILER_APPICON_NAME = AppIcon;
				ASSETCATALOG_COMPILER_GLOBAL_ACCENT_COLOR_NAME = AccentColor;
				CLANG_ENABLE_MODULES = YES;
				CODE_SIGN_ENTITLEMENTS = "Sources/App-iOS.entitlements";
				CODE_SIGN_STYLE = Automatic;
				DEVELOPMENT_TEAM = 5BV57B67TB;
				ENABLE_PREVIEWS = YES;
				INFOPLIST_FILE = "Sources/Info-iOS.plist";
				IPHONEOS_DEPLOYMENT_TARGET = 13.5;
				"IPHONEOS_DEPLOYMENT_TARGET[sdk=macosx*]" = 13.5;
				LD_RUNPATH_SEARCH_PATHS = (
					"$(inherited)",
					"@executable_path/Frameworks",
				);
				PRODUCT_BUNDLE_IDENTIFIER = com.grigorye.TimeboxApp;
				PRODUCT_NAME = MultiplatformTimebox;
				SDKROOT = iphoneos;
				SUPPORTS_MACCATALYST = YES;
				SWIFT_OPTIMIZATION_LEVEL = "-Onone";
				SWIFT_VERSION = 5.0;
				TARGETED_DEVICE_FAMILY = "1,2";
			};
			name = Debug;
		};
		A1B6EB4224A4EC160008D87B /* Release */ = {
			isa = XCBuildConfiguration;
			buildSettings = {
				ASSETCATALOG_COMPILER_APPICON_NAME = AppIcon;
				ASSETCATALOG_COMPILER_GLOBAL_ACCENT_COLOR_NAME = AccentColor;
				CLANG_ENABLE_MODULES = YES;
				CODE_SIGN_ENTITLEMENTS = "Sources/App-iOS.entitlements";
				CODE_SIGN_STYLE = Automatic;
				DEVELOPMENT_TEAM = 5BV57B67TB;
				ENABLE_PREVIEWS = YES;
				INFOPLIST_FILE = "Sources/Info-iOS.plist";
				IPHONEOS_DEPLOYMENT_TARGET = 13.5;
				"IPHONEOS_DEPLOYMENT_TARGET[sdk=macosx*]" = 13.5;
				LD_RUNPATH_SEARCH_PATHS = (
					"$(inherited)",
					"@executable_path/Frameworks",
				);
				PRODUCT_BUNDLE_IDENTIFIER = com.grigorye.TimeboxApp;
				PRODUCT_NAME = MultiplatformTimebox;
				SDKROOT = iphoneos;
				SUPPORTS_MACCATALYST = YES;
				SWIFT_VERSION = 5.0;
				TARGETED_DEVICE_FAMILY = "1,2";
				VALIDATE_PRODUCT = YES;
			};
			name = Release;
		};
		A1B6EB4424A4EC160008D87B /* Debug */ = {
			isa = XCBuildConfiguration;
			buildSettings = {
				ASSETCATALOG_COMPILER_APPICON_NAME = AppIcon;
				ASSETCATALOG_COMPILER_GLOBAL_ACCENT_COLOR_NAME = AccentColor;
				CLANG_ENABLE_MODULES = YES;
				CODE_SIGN_ENTITLEMENTS = "Sources/App-macOS.entitlements";
				CODE_SIGN_IDENTITY = "Apple Development";
				CODE_SIGN_STYLE = Automatic;
				COMBINE_HIDPI_IMAGES = YES;
				DEVELOPMENT_TEAM = 5BV57B67TB;
				ENABLE_HARDENED_RUNTIME = YES;
				ENABLE_PREVIEWS = YES;
				INFOPLIST_FILE = "Sources/Info-macOS.plist";
				LD_RUNPATH_SEARCH_PATHS = (
					"$(inherited)",
					"@executable_path/../Frameworks",
				);
				MACOSX_DEPLOYMENT_TARGET = 11.4;
				PRODUCT_BUNDLE_IDENTIFIER = com.grigorye.TimeboxApp;
				PRODUCT_NAME = MultiplatformTimebox;
				PROVISIONING_PROFILE_SPECIFIER = "";
				SDKROOT = macosx;
				SWIFT_OPTIMIZATION_LEVEL = "-Onone";
				SWIFT_VERSION = 5.0;
			};
			name = Debug;
		};
		A1B6EB4524A4EC160008D87B /* Release */ = {
			isa = XCBuildConfiguration;
			buildSettings = {
				ASSETCATALOG_COMPILER_APPICON_NAME = AppIcon;
				ASSETCATALOG_COMPILER_GLOBAL_ACCENT_COLOR_NAME = AccentColor;
				CLANG_ENABLE_MODULES = YES;
				CODE_SIGN_ENTITLEMENTS = "Sources/App-macOS.entitlements";
				CODE_SIGN_IDENTITY = "Apple Development";
				CODE_SIGN_STYLE = Automatic;
				COMBINE_HIDPI_IMAGES = YES;
				DEVELOPMENT_TEAM = 5BV57B67TB;
				ENABLE_HARDENED_RUNTIME = YES;
				ENABLE_PREVIEWS = YES;
				INFOPLIST_FILE = "Sources/Info-macOS.plist";
				LD_RUNPATH_SEARCH_PATHS = (
					"$(inherited)",
					"@executable_path/../Frameworks",
				);
				MACOSX_DEPLOYMENT_TARGET = 11.4;
				PRODUCT_BUNDLE_IDENTIFIER = com.grigorye.TimeboxApp;
				PRODUCT_NAME = MultiplatformTimebox;
				PROVISIONING_PROFILE_SPECIFIER = "";
				SDKROOT = macosx;
				SWIFT_VERSION = 5.0;
			};
			name = Release;
		};
		C45CACC124BACCB000D0214F /* Debug */ = {
			isa = XCBuildConfiguration;
			buildSettings = {
				ASSETCATALOG_COMPILER_APPICON_NAME = AppIcon;
				ASSETCATALOG_COMPILER_GLOBAL_ACCENT_COLOR_NAME = AccentColor;
				CODE_SIGN_ENTITLEMENTS = "Sources/App-macOS.entitlements";
				CODE_SIGN_IDENTITY = "Apple Development";
				CODE_SIGN_STYLE = Automatic;
				COMBINE_HIDPI_IMAGES = YES;
				DEVELOPMENT_TEAM = 5BV57B67TB;
				ENABLE_HARDENED_RUNTIME = YES;
				ENABLE_PREVIEWS = YES;
				INFOPLIST_FILE = "Sources/Info-MenuBarApp.plist";
				LD_RUNPATH_SEARCH_PATHS = (
					"$(inherited)",
					"@executable_path/../Frameworks",
				);
				MACOSX_DEPLOYMENT_TARGET = 10.15;
				PRODUCT_BUNDLE_IDENTIFIER = com.grigorye.TimeboxApp.MenuBarApp;
				PRODUCT_NAME = "MultiplatformTimebox-MenuBar";
				PROVISIONING_PROFILE_SPECIFIER = "";
				SDKROOT = macosx;
				SWIFT_VERSION = 5.0;
			};
			name = Debug;
		};
		C45CACC224BACCB000D0214F /* Release */ = {
			isa = XCBuildConfiguration;
			buildSettings = {
				ASSETCATALOG_COMPILER_APPICON_NAME = AppIcon;
				ASSETCATALOG_COMPILER_GLOBAL_ACCENT_COLOR_NAME = AccentColor;
				CODE_SIGN_ENTITLEMENTS = "Sources/App-macOS.entitlements";
				CODE_SIGN_IDENTITY = "Apple Development";
				CODE_SIGN_STYLE = Automatic;
				COMBINE_HIDPI_IMAGES = YES;
				DEVELOPMENT_TEAM = 5BV57B67TB;
				ENABLE_HARDENED_RUNTIME = YES;
				ENABLE_PREVIEWS = YES;
				INFOPLIST_FILE = "Sources/Info-MenuBarApp.plist";
				LD_RUNPATH_SEARCH_PATHS = (
					"$(inherited)",
					"@executable_path/../Frameworks",
				);
				MACOSX_DEPLOYMENT_TARGET = 10.15;
				PRODUCT_BUNDLE_IDENTIFIER = com.grigorye.TimeboxApp.MenuBarApp;
				PRODUCT_NAME = "MultiplatformTimebox-MenuBar";
				PROVISIONING_PROFILE_SPECIFIER = "";
				SDKROOT = macosx;
				SWIFT_VERSION = 5.0;
			};
			name = Release;
		};
/* End XCBuildConfiguration section */

/* Begin XCConfigurationList section */
		A1B6EB0D24A4EC120008D87B /* Build configuration list for PBXProject "MultiplatformTimebox" */ = {
			isa = XCConfigurationList;
			buildConfigurations = (
				A1B6EB3E24A4EC160008D87B /* Debug */,
				A1B6EB3F24A4EC160008D87B /* Release */,
			);
			defaultConfigurationIsVisible = 0;
			defaultConfigurationName = Release;
		};
		A1B6EB4024A4EC160008D87B /* Build configuration list for PBXNativeTarget "iOS-app" */ = {
			isa = XCConfigurationList;
			buildConfigurations = (
				A1B6EB4124A4EC160008D87B /* Debug */,
				A1B6EB4224A4EC160008D87B /* Release */,
			);
			defaultConfigurationIsVisible = 0;
			defaultConfigurationName = Release;
		};
		A1B6EB4324A4EC160008D87B /* Build configuration list for PBXNativeTarget "macOS-app" */ = {
			isa = XCConfigurationList;
			buildConfigurations = (
				A1B6EB4424A4EC160008D87B /* Debug */,
				A1B6EB4524A4EC160008D87B /* Release */,
			);
			defaultConfigurationIsVisible = 0;
			defaultConfigurationName = Release;
		};
		C45CACC024BACCB000D0214F /* Build configuration list for PBXNativeTarget "macOS-menuBarApp" */ = {
			isa = XCConfigurationList;
			buildConfigurations = (
				C45CACC124BACCB000D0214F /* Debug */,
				C45CACC224BACCB000D0214F /* Release */,
			);
			defaultConfigurationIsVisible = 0;
			defaultConfigurationName = Release;
		};
/* End XCConfigurationList section */

/* Begin XCSwiftPackageProductDependency section */
		C456DFEC274047E90061B727 /* MultiplatformTimeboxMenuBarApp */ = {
			isa = XCSwiftPackageProductDependency;
			productName = MultiplatformTimeboxMenuBarApp;
		};
		C4623926273FCD4100652E94 /* MultiplatformTimeboxIOSApp */ = {
			isa = XCSwiftPackageProductDependency;
			productName = MultiplatformTimeboxIOSApp;
		};
		C489C716253FB2A200E50C68 /* MultiplatformTimeboxMacOSApp */ = {
			isa = XCSwiftPackageProductDependency;
			productName = MultiplatformTimeboxMacOSApp;
		};
/* End XCSwiftPackageProductDependency section */
	};
	rootObject = A1B6EB0A24A4EC120008D87B /* Project object */;
}
