// !$*UTF8*$!
{
	archiveVersion = 1;
	classes = {
	};
	objectVersion = 52;
	objects = {

/* Begin PBXBuildFile section */
		0C8DF8EE3A1334977B8A6683 /* MultiplatformTimeboxMacOSApp in Frameworks */ = {isa = PBXBuildFile; productRef = F1D3A75BA89A58DC59ADF539 /* MultiplatformTimeboxMacOSApp */; };
		0D58BB71BF17A070367A6694 /* AppDelegate-macOS.swift in Sources */ = {isa = PBXBuildFile; fileRef = 80F36BF64016A78E479897C2 /* AppDelegate-macOS.swift */; };
		0DBC6929157DCA9405531EC4 /* Assets.xcassets in Resources */ = {isa = PBXBuildFile; fileRef = 2CFCA2B09C3130A2748C6854 /* Assets.xcassets */; };
		2E9A17D4769B3AC18C9A2A5A /* Main.storyboard in Resources */ = {isa = PBXBuildFile; fileRef = D004073A1832B879140E48F8 /* Main.storyboard */; };
		3E67A190C6DFE3ED1EA6C744 /* Bundle+macOS-app.swift in Sources */ = {isa = PBXBuildFile; fileRef = E0F910D3C90E4E9352F97EE5 /* Bundle+macOS-app.swift */; };
		623AEB6FE3D4CC41217A917B /* SFSymbols.xcassets in Resources */ = {isa = PBXBuildFile; fileRef = 87F495A77D676C45E71D0630 /* SFSymbols.xcassets */; };
		666C82DC9539AA73037BA417 /* MultiplatformTimeboxIOSApp in Frameworks */ = {isa = PBXBuildFile; productRef = 9C1BEF40FE87C81D73E36E79 /* MultiplatformTimeboxIOSApp */; };
		89B4E5E7023A9F4B8496990C /* AppDelegate-iOS.swift in Sources */ = {isa = PBXBuildFile; fileRef = 4A49DD1F78B045E8E7D5263D /* AppDelegate-iOS.swift */; };
		9CFB0A3C4557E830F3BB3E8F /* SFSymbols.xcassets in Resources */ = {isa = PBXBuildFile; fileRef = 87F495A77D676C45E71D0630 /* SFSymbols.xcassets */; };
		A88996749DFBA177EF526FDB /* Bundle+iOS-app.swift in Sources */ = {isa = PBXBuildFile; fileRef = 289F8DB26B0BB0CCD8CCF4B0 /* Bundle+iOS-app.swift */; };
/* End PBXBuildFile section */

/* Begin PBXCopyFilesBuildPhase section */
		03B7DAF0C0DE81E660EEDC6B /* Embed Frameworks */ = {
			isa = PBXCopyFilesBuildPhase;
			buildActionMask = 2147483647;
			dstPath = "";
			dstSubfolderSpec = 10;
			files = (
			);
			name = "Embed Frameworks";
			runOnlyForDeploymentPostprocessing = 0;
		};
		CEDDA8BE000CFEA483B49178 /* Embed Frameworks */ = {
			isa = PBXCopyFilesBuildPhase;
			buildActionMask = 2147483647;
			dstPath = "";
			dstSubfolderSpec = 10;
			files = (
			);
			name = "Embed Frameworks";
			runOnlyForDeploymentPostprocessing = 0;
		};
/* End PBXCopyFilesBuildPhase section */

/* Begin PBXFileReference section */
		289F8DB26B0BB0CCD8CCF4B0 /* Bundle+iOS-app.swift */ = {isa = PBXFileReference; lastKnownFileType = sourcecode.swift; path = "Bundle+iOS-app.swift"; sourceTree = "<group>"; };
		2CFCA2B09C3130A2748C6854 /* Assets.xcassets */ = {isa = PBXFileReference; lastKnownFileType = folder.assetcatalog; path = Assets.xcassets; sourceTree = "<group>"; };
		40232628665971A34CAF5FCE /* App-macOS.entitlements */ = {isa = PBXFileReference; lastKnownFileType = text.plist.entitlements; path = "App-macOS.entitlements"; sourceTree = "<group>"; };
		4A49DD1F78B045E8E7D5263D /* AppDelegate-iOS.swift */ = {isa = PBXFileReference; lastKnownFileType = sourcecode.swift; path = "AppDelegate-iOS.swift"; sourceTree = "<group>"; };
		5DF63DE02E085B955FD9EF09 /* App-iOS.entitlements */ = {isa = PBXFileReference; lastKnownFileType = text.plist.entitlements; path = "App-iOS.entitlements"; sourceTree = "<group>"; };
		71FDD94A11A5630569FB34CC /* Timebox_macOS.app */ = {isa = PBXFileReference; explicitFileType = wrapper.application; includeInIndex = 0; path = Timebox_macOS.app; sourceTree = BUILT_PRODUCTS_DIR; };
		80F36BF64016A78E479897C2 /* AppDelegate-macOS.swift */ = {isa = PBXFileReference; lastKnownFileType = sourcecode.swift; path = "AppDelegate-macOS.swift"; sourceTree = "<group>"; };
		87F495A77D676C45E71D0630 /* SFSymbols.xcassets */ = {isa = PBXFileReference; lastKnownFileType = folder.assetcatalog; path = SFSymbols.xcassets; sourceTree = "<group>"; };
		912108C4AD1167C07B9EC03D /* MultiplatformTimeboxMacOSApp */ = {isa = PBXFileReference; lastKnownFileType = folder; name = MultiplatformTimeboxMacOSApp; path = Modules/MultiplatformTimeboxMacOSApp; sourceTree = "<group>"; };
		D004073A1832B879140E48F8 /* Main.storyboard */ = {isa = PBXFileReference; lastKnownFileType = file.storyboard; path = Main.storyboard; sourceTree = "<group>"; };
		D2B137C48D9A6EEF9D1228C7 /* MultiplatformTimeboxIOSApp */ = {isa = PBXFileReference; lastKnownFileType = folder; name = MultiplatformTimeboxIOSApp; path = Modules/MultiplatformTimeboxIOSApp; sourceTree = "<group>"; };
		E0F910D3C90E4E9352F97EE5 /* Bundle+macOS-app.swift */ = {isa = PBXFileReference; lastKnownFileType = sourcecode.swift; path = "Bundle+macOS-app.swift"; sourceTree = "<group>"; };
		EECD57DFAC5E062736443F55 /* Info-macOS.plist */ = {isa = PBXFileReference; lastKnownFileType = text.plist; path = "Info-macOS.plist"; sourceTree = "<group>"; };
		F070C36231E151373A5A4242 /* Timebox_iOS.app */ = {isa = PBXFileReference; explicitFileType = wrapper.application; includeInIndex = 0; path = Timebox_iOS.app; sourceTree = BUILT_PRODUCTS_DIR; };
		FBA9609E5B58B336408AD7EA /* Info-iOS.plist */ = {isa = PBXFileReference; lastKnownFileType = text.plist; path = "Info-iOS.plist"; sourceTree = "<group>"; };
/* End PBXFileReference section */

/* Begin PBXFrameworksBuildPhase section */
		729CF0F8501208DB64368E0D /* Frameworks */ = {
			isa = PBXFrameworksBuildPhase;
			buildActionMask = 2147483647;
			files = (
				666C82DC9539AA73037BA417 /* MultiplatformTimeboxIOSApp in Frameworks */,
			);
			runOnlyForDeploymentPostprocessing = 0;
		};
		AE9E2AD5009AB7B23D581CAE /* Frameworks */ = {
			isa = PBXFrameworksBuildPhase;
			buildActionMask = 2147483647;
			files = (
				0C8DF8EE3A1334977B8A6683 /* MultiplatformTimeboxMacOSApp in Frameworks */,
			);
			runOnlyForDeploymentPostprocessing = 0;
		};
/* End PBXFrameworksBuildPhase section */

/* Begin PBXGroup section */
		1CBC02819B11E0BF1E858C05 /* Frameworks */ = {
			isa = PBXGroup;
			children = (
			);
			name = Frameworks;
			sourceTree = "<group>";
		};
		1D51A489A87C5E7C786FAA27 /* Project */ = {
			isa = PBXGroup;
			children = (
				C3C8720176768D65A3AC3375 /* Derived */,
				2E4C04B540FE9C3E954E9259 /* Modules */,
				E1DED732A4A3014D7BE9D4CC /* Shared */,
				EC58029621A6B9BAC3585686 /* Sources */,
			);
			name = Project;
			sourceTree = "<group>";
		};
		1D826DF255617BB2C86A1735 /* Sources */ = {
			isa = PBXGroup;
			children = (
				289F8DB26B0BB0CCD8CCF4B0 /* Bundle+iOS-app.swift */,
				E0F910D3C90E4E9352F97EE5 /* Bundle+macOS-app.swift */,
			);
			path = Sources;
			sourceTree = "<group>";
		};
		25E510973C2F2AFC09197F49 /* Products */ = {
			isa = PBXGroup;
			children = (
				F070C36231E151373A5A4242 /* Timebox_iOS.app */,
				71FDD94A11A5630569FB34CC /* Timebox_macOS.app */,
			);
			name = Products;
			sourceTree = "<group>";
		};
		2E4C04B540FE9C3E954E9259 /* Modules */ = {
			isa = PBXGroup;
			children = (
				57CAA2C27664950E6F3ED6AA /* MultiplatformTimeboxMacOSApp */,
			);
			path = Modules;
			sourceTree = "<group>";
		};
		3AD204AAD89536A7C72DF5FE = {
			isa = PBXGroup;
			children = (
				1D51A489A87C5E7C786FAA27 /* Project */,
				1CBC02819B11E0BF1E858C05 /* Frameworks */,
				25E510973C2F2AFC09197F49 /* Products */,
				912108C4AD1167C07B9EC03D /* MultiplatformTimeboxMacOSApp */,
				D2B137C48D9A6EEF9D1228C7 /* MultiplatformTimeboxIOSApp */,
			);
			sourceTree = "<group>";
		};
		3E03A0697C83EB586A0B0ED2 /* MultiplatformTimeboxMacOSApp */ = {
			isa = PBXGroup;
			children = (
				D004073A1832B879140E48F8 /* Main.storyboard */,
			);
			path = MultiplatformTimeboxMacOSApp;
			sourceTree = "<group>";
		};
		57CAA2C27664950E6F3ED6AA /* MultiplatformTimeboxMacOSApp */ = {
			isa = PBXGroup;
			children = (
				EF4C00B7E46BFF08FC8C6D7A /* Sources */,
			);
			path = MultiplatformTimeboxMacOSApp;
			sourceTree = "<group>";
		};
		C3C8720176768D65A3AC3375 /* Derived */ = {
			isa = PBXGroup;
			children = (
				1D826DF255617BB2C86A1735 /* Sources */,
			);
			path = Derived;
			sourceTree = "<group>";
		};
		E1DED732A4A3014D7BE9D4CC /* Shared */ = {
			isa = PBXGroup;
			children = (
				2CFCA2B09C3130A2748C6854 /* Assets.xcassets */,
				87F495A77D676C45E71D0630 /* SFSymbols.xcassets */,
			);
			path = Shared;
			sourceTree = "<group>";
		};
		EC58029621A6B9BAC3585686 /* Sources */ = {
			isa = PBXGroup;
			children = (
				5DF63DE02E085B955FD9EF09 /* App-iOS.entitlements */,
				40232628665971A34CAF5FCE /* App-macOS.entitlements */,
				4A49DD1F78B045E8E7D5263D /* AppDelegate-iOS.swift */,
				80F36BF64016A78E479897C2 /* AppDelegate-macOS.swift */,
				FBA9609E5B58B336408AD7EA /* Info-iOS.plist */,
				EECD57DFAC5E062736443F55 /* Info-macOS.plist */,
			);
			path = Sources;
			sourceTree = "<group>";
		};
		EF4C00B7E46BFF08FC8C6D7A /* Sources */ = {
			isa = PBXGroup;
			children = (
				3E03A0697C83EB586A0B0ED2 /* MultiplatformTimeboxMacOSApp */,
			);
			path = Sources;
			sourceTree = "<group>";
		};
/* End PBXGroup section */

/* Begin PBXNativeTarget section */
		02093F0030F18413A691339D /* iOS-app */ = {
			isa = PBXNativeTarget;
			buildConfigurationList = 1A365D597262854FB008D24D /* Build configuration list for PBXNativeTarget "iOS-app" */;
			buildPhases = (
				632E931C38430CFCC4B26B10 /* Sources */,
				D994B92A282B2F66E723F457 /* Resources */,
				2A66E1B61C2D62A31F0FD134 /* Embed Precompiled Frameworks */,
				CEDDA8BE000CFEA483B49178 /* Embed Frameworks */,
				729CF0F8501208DB64368E0D /* Frameworks */,
			);
			buildRules = (
			);
			dependencies = (
			);
			name = "iOS-app";
			packageProductDependencies = (
				9C1BEF40FE87C81D73E36E79 /* MultiplatformTimeboxIOSApp */,
			);
			productName = Timebox_iOS;
			productReference = F070C36231E151373A5A4242 /* Timebox_iOS.app */;
			productType = "com.apple.product-type.application";
		};
		B34CDBF1093031D10D0513C4 /* macOS-app */ = {
			isa = PBXNativeTarget;
			buildConfigurationList = 14114444BD12FACF13267E70 /* Build configuration list for PBXNativeTarget "macOS-app" */;
			buildPhases = (
				51F5239060B5F770DD55CE82 /* Sources */,
				4572F64DD8D0AC9E2549B7D3 /* Resources */,
				BE83CEFE26A6C4F55DBE2909 /* Embed Precompiled Frameworks */,
				03B7DAF0C0DE81E660EEDC6B /* Embed Frameworks */,
				AE9E2AD5009AB7B23D581CAE /* Frameworks */,
			);
			buildRules = (
			);
			dependencies = (
			);
			name = "macOS-app";
			packageProductDependencies = (
				F1D3A75BA89A58DC59ADF539 /* MultiplatformTimeboxMacOSApp */,
			);
			productName = Timebox_macOS;
			productReference = 71FDD94A11A5630569FB34CC /* Timebox_macOS.app */;
			productType = "com.apple.product-type.application";
		};
/* End PBXNativeTarget section */

/* Begin PBXProject section */
		667B378D9C02FC8039470478 /* Project object */ = {
			isa = PBXProject;
			attributes = {
				ORGANIZATIONNAME = "Grigorii Entin";
				TargetAttributes = {
				};
			};
			buildConfigurationList = D29E55CD367DD6A51F7E6F90 /* Build configuration list for PBXProject "MultiplatformTimebox" */;
			compatibilityVersion = "Xcode 13.0";
			developmentRegion = en;
			hasScannedForEncodings = 0;
			knownRegions = (
				Base,
				en,
			);
			mainGroup = 3AD204AAD89536A7C72DF5FE;
			productRefGroup = 25E510973C2F2AFC09197F49 /* Products */;
			projectDirPath = "";
			projectRoot = "";
			targets = (
				B34CDBF1093031D10D0513C4 /* macOS-app */,
				02093F0030F18413A691339D /* iOS-app */,
			);
		};
/* End PBXProject section */

/* Begin PBXResourcesBuildPhase section */
		4572F64DD8D0AC9E2549B7D3 /* Resources */ = {
			isa = PBXResourcesBuildPhase;
			buildActionMask = 2147483647;
			files = (
				2E9A17D4769B3AC18C9A2A5A /* Main.storyboard in Resources */,
				623AEB6FE3D4CC41217A917B /* SFSymbols.xcassets in Resources */,
			);
			runOnlyForDeploymentPostprocessing = 0;
		};
		D994B92A282B2F66E723F457 /* Resources */ = {
			isa = PBXResourcesBuildPhase;
			buildActionMask = 2147483647;
			files = (
				0DBC6929157DCA9405531EC4 /* Assets.xcassets in Resources */,
				9CFB0A3C4557E830F3BB3E8F /* SFSymbols.xcassets in Resources */,
			);
			runOnlyForDeploymentPostprocessing = 0;
		};
/* End PBXResourcesBuildPhase section */

/* Begin PBXShellScriptBuildPhase section */
		2A66E1B61C2D62A31F0FD134 /* Embed Precompiled Frameworks */ = {
			isa = PBXShellScriptBuildPhase;
			buildActionMask = 2147483647;
			files = (
			);
			inputPaths = (
			);
			name = "Embed Precompiled Frameworks";
			outputPaths = (
			);
			runOnlyForDeploymentPostprocessing = 0;
			shellPath = /bin/sh;
			shellScript = "echo \"Skipping, nothing to be embedded.\"";
		};
		BE83CEFE26A6C4F55DBE2909 /* Embed Precompiled Frameworks */ = {
			isa = PBXShellScriptBuildPhase;
			buildActionMask = 2147483647;
			files = (
			);
			inputPaths = (
			);
			name = "Embed Precompiled Frameworks";
			outputPaths = (
			);
			runOnlyForDeploymentPostprocessing = 0;
			shellPath = /bin/sh;
			shellScript = "echo \"Skipping, nothing to be embedded.\"";
		};
/* End PBXShellScriptBuildPhase section */

/* Begin PBXSourcesBuildPhase section */
		51F5239060B5F770DD55CE82 /* Sources */ = {
			isa = PBXSourcesBuildPhase;
			buildActionMask = 2147483647;
			files = (
				3E67A190C6DFE3ED1EA6C744 /* Bundle+macOS-app.swift in Sources */,
				0D58BB71BF17A070367A6694 /* AppDelegate-macOS.swift in Sources */,
			);
			runOnlyForDeploymentPostprocessing = 0;
		};
		632E931C38430CFCC4B26B10 /* Sources */ = {
			isa = PBXSourcesBuildPhase;
			buildActionMask = 2147483647;
			files = (
				A88996749DFBA177EF526FDB /* Bundle+iOS-app.swift in Sources */,
				89B4E5E7023A9F4B8496990C /* AppDelegate-iOS.swift in Sources */,
			);
			runOnlyForDeploymentPostprocessing = 0;
		};
/* End PBXSourcesBuildPhase section */

/* Begin XCBuildConfiguration section */
		0C4C52E8E5A857DEA94C5444 /* Release */ = {
			isa = XCBuildConfiguration;
			buildSettings = {
				ASSETCATALOG_COMPILER_APPICON_NAME = AppIcon;
				CODE_SIGN_ENTITLEMENTS = "$(SRCROOT)/Sources/App-macOS.entitlements";
				CODE_SIGN_IDENTITY = "Apple Development";
				CODE_SIGN_STYLE = Automatic;
				COMBINE_HIDPI_IMAGES = YES;
				DEVELOPMENT_TEAM = 5BV57B67TB;
				ENABLE_HARDENED_RUNTIME = YES;
				ENABLE_PREVIEWS = YES;
				INFOPLIST_FILE = "Sources/Info-macOS.plist";
				LD_RUNPATH_SEARCH_PATHS = (
					"$(inherited)",
					"@executable_path/../Frameworks",
				);
				PRODUCT_BUNDLE_IDENTIFIER = com.grigorye.TimeboxApp;
				PRODUCT_NAME = Timebox_macOS;
				SDKROOT = macosx;
				SUPPORTED_PLATFORMS = macosx;
				SWIFT_COMPILATION_MODE = wholemodule;
				SWIFT_OPTIMIZATION_LEVEL = "-Owholemodule";
				SWIFT_VERSION = 5.5.1;
			};
			name = Release;
		};
		16834907C7B452B0B371B592 /* Release */ = {
			isa = XCBuildConfiguration;
			buildSettings = {
				ALWAYS_SEARCH_USER_PATHS = NO;
				CLANG_ANALYZER_LOCALIZABILITY_NONLOCALIZED = YES;
				CLANG_ANALYZER_NONNULL = YES;
				CLANG_ANALYZER_NUMBER_OBJECT_CONVERSION = YES_AGGRESSIVE;
				CLANG_CXX_LANGUAGE_STANDARD = "gnu++14";
				CLANG_CXX_LIBRARY = "libc++";
				CLANG_ENABLE_MODULES = YES;
				CLANG_ENABLE_OBJC_ARC = YES;
				CLANG_ENABLE_OBJC_WEAK = YES;
				CLANG_WARN_BLOCK_CAPTURE_AUTORELEASING = YES;
				CLANG_WARN_BOOL_CONVERSION = YES;
				CLANG_WARN_COMMA = YES;
				CLANG_WARN_CONSTANT_CONVERSION = YES;
				CLANG_WARN_DEPRECATED_OBJC_IMPLEMENTATIONS = YES;
				CLANG_WARN_DIRECT_OBJC_ISA_USAGE = YES_ERROR;
				CLANG_WARN_DOCUMENTATION_COMMENTS = YES;
				CLANG_WARN_EMPTY_BODY = YES;
				CLANG_WARN_ENUM_CONVERSION = YES;
				CLANG_WARN_INFINITE_RECURSION = YES;
				CLANG_WARN_INT_CONVERSION = YES;
				CLANG_WARN_NON_LITERAL_NULL_CONVERSION = YES;
				CLANG_WARN_OBJC_IMPLICIT_RETAIN_SELF = YES;
				CLANG_WARN_OBJC_LITERAL_CONVERSION = YES;
				CLANG_WARN_OBJC_ROOT_CLASS = YES_ERROR;
				CLANG_WARN_QUOTED_INCLUDE_IN_FRAMEWORK_HEADER = YES;
				CLANG_WARN_RANGE_LOOP_ANALYSIS = YES;
				CLANG_WARN_STRICT_PROTOTYPES = YES;
				CLANG_WARN_SUSPICIOUS_MOVE = YES;
				CLANG_WARN_UNGUARDED_AVAILABILITY = YES_AGGRESSIVE;
				CLANG_WARN_UNREACHABLE_CODE = YES;
				CLANG_WARN__DUPLICATE_METHOD_MATCH = YES;
				COPY_PHASE_STRIP = NO;
				DEBUG_INFORMATION_FORMAT = "dwarf-with-dsym";
				ENABLE_NS_ASSERTIONS = NO;
				ENABLE_STRICT_OBJC_MSGSEND = YES;
				GCC_C_LANGUAGE_STANDARD = gnu11;
				GCC_NO_COMMON_BLOCKS = YES;
				GCC_WARN_64_TO_32_BIT_CONVERSION = YES;
				GCC_WARN_ABOUT_RETURN_TYPE = YES_ERROR;
				GCC_WARN_UNDECLARED_SELECTOR = YES;
				GCC_WARN_UNINITIALIZED_AUTOS = YES_AGGRESSIVE;
				GCC_WARN_UNUSED_FUNCTION = YES;
				GCC_WARN_UNUSED_VARIABLE = YES;
				MTL_ENABLE_DEBUG_INFO = NO;
				PRODUCT_NAME = "$(TARGET_NAME)";
				VALIDATE_PRODUCT = YES;
			};
			name = Release;
		};
		20B454798ACF80FBA77F6238 /* Debug */ = {
			isa = XCBuildConfiguration;
			buildSettings = {
				ALWAYS_SEARCH_USER_PATHS = NO;
				CLANG_ANALYZER_LOCALIZABILITY_NONLOCALIZED = YES;
				CLANG_ANALYZER_NONNULL = YES;
				CLANG_ANALYZER_NUMBER_OBJECT_CONVERSION = YES_AGGRESSIVE;
				CLANG_CXX_LANGUAGE_STANDARD = "gnu++14";
				CLANG_CXX_LIBRARY = "libc++";
				CLANG_ENABLE_MODULES = YES;
				CLANG_ENABLE_OBJC_ARC = YES;
				CLANG_ENABLE_OBJC_WEAK = YES;
				CLANG_WARN_BLOCK_CAPTURE_AUTORELEASING = YES;
				CLANG_WARN_BOOL_CONVERSION = YES;
				CLANG_WARN_COMMA = YES;
				CLANG_WARN_CONSTANT_CONVERSION = YES;
				CLANG_WARN_DEPRECATED_OBJC_IMPLEMENTATIONS = YES;
				CLANG_WARN_DIRECT_OBJC_ISA_USAGE = YES_ERROR;
				CLANG_WARN_DOCUMENTATION_COMMENTS = YES;
				CLANG_WARN_EMPTY_BODY = YES;
				CLANG_WARN_ENUM_CONVERSION = YES;
				CLANG_WARN_INFINITE_RECURSION = YES;
				CLANG_WARN_INT_CONVERSION = YES;
				CLANG_WARN_NON_LITERAL_NULL_CONVERSION = YES;
				CLANG_WARN_OBJC_IMPLICIT_RETAIN_SELF = YES;
				CLANG_WARN_OBJC_LITERAL_CONVERSION = YES;
				CLANG_WARN_OBJC_ROOT_CLASS = YES_ERROR;
				CLANG_WARN_QUOTED_INCLUDE_IN_FRAMEWORK_HEADER = YES;
				CLANG_WARN_RANGE_LOOP_ANALYSIS = YES;
				CLANG_WARN_STRICT_PROTOTYPES = YES;
				CLANG_WARN_SUSPICIOUS_MOVE = YES;
				CLANG_WARN_UNGUARDED_AVAILABILITY = YES_AGGRESSIVE;
				CLANG_WARN_UNREACHABLE_CODE = YES;
				CLANG_WARN__DUPLICATE_METHOD_MATCH = YES;
				COPY_PHASE_STRIP = NO;
				DEBUG_INFORMATION_FORMAT = dwarf;
				ENABLE_STRICT_OBJC_MSGSEND = YES;
				ENABLE_TESTABILITY = YES;
				GCC_C_LANGUAGE_STANDARD = gnu11;
				GCC_DYNAMIC_NO_PIC = NO;
				GCC_NO_COMMON_BLOCKS = YES;
				GCC_OPTIMIZATION_LEVEL = 0;
				GCC_PREPROCESSOR_DEFINITIONS = (
					"DEBUG=1",
					"$(inherited)",
				);
				GCC_WARN_64_TO_32_BIT_CONVERSION = YES;
				GCC_WARN_ABOUT_RETURN_TYPE = YES_ERROR;
				GCC_WARN_UNDECLARED_SELECTOR = YES;
				GCC_WARN_UNINITIALIZED_AUTOS = YES_AGGRESSIVE;
				GCC_WARN_UNUSED_FUNCTION = YES;
				GCC_WARN_UNUSED_VARIABLE = YES;
				MTL_ENABLE_DEBUG_INFO = YES;
				ONLY_ACTIVE_ARCH = YES;
				PRODUCT_NAME = "$(TARGET_NAME)";
			};
			name = Debug;
		};
		7E16F6AD219CA3D199212638 /* Debug */ = {
			isa = XCBuildConfiguration;
			buildSettings = {
				ASSETCATALOG_COMPILER_APPICON_NAME = AppIcon;
				CODE_SIGN_ENTITLEMENTS = "$(SRCROOT)/Sources/App-macOS.entitlements";
				CODE_SIGN_IDENTITY = "Apple Development";
				CODE_SIGN_STYLE = Automatic;
				COMBINE_HIDPI_IMAGES = YES;
				DEVELOPMENT_TEAM = 5BV57B67TB;
				ENABLE_HARDENED_RUNTIME = YES;
				ENABLE_PREVIEWS = YES;
				INFOPLIST_FILE = "Sources/Info-macOS.plist";
				LD_RUNPATH_SEARCH_PATHS = (
					"$(inherited)",
					"@executable_path/../Frameworks",
				);
				PRODUCT_BUNDLE_IDENTIFIER = com.grigorye.TimeboxApp;
				PRODUCT_NAME = Timebox_macOS;
				SDKROOT = macosx;
				SUPPORTED_PLATFORMS = macosx;
				SWIFT_ACTIVE_COMPILATION_CONDITIONS = DEBUG;
				SWIFT_COMPILATION_MODE = singlefile;
				SWIFT_OPTIMIZATION_LEVEL = "-Onone";
				SWIFT_VERSION = 5.5.1;
			};
			name = Debug;
		};
		E78632349C0A04768D90544D /* Debug */ = {
			isa = XCBuildConfiguration;
			buildSettings = {
				ASSETCATALOG_COMPILER_APPICON_NAME = AppIcon;
				CODE_SIGN_ENTITLEMENTS = "$(SRCROOT)/Sources/App-iOS.entitlements";
				CODE_SIGN_IDENTITY = "Apple Development";
				CODE_SIGN_STYLE = Automatic;
				DEVELOPMENT_TEAM = 5BV57B67TB;
				ENABLE_HARDENED_RUNTIME = YES;
				ENABLE_PREVIEWS = YES;
				INFOPLIST_FILE = "Sources/Info-iOS.plist";
				LD_RUNPATH_SEARCH_PATHS = (
					"$(inherited)",
					"@executable_path/Frameworks",
				);
				PRODUCT_BUNDLE_IDENTIFIER = com.grigorye.TimeboxApp;
				PRODUCT_NAME = Timebox_iOS;
				SDKROOT = iphoneos;
				SUPPORTED_PLATFORMS = "iphonesimulator iphoneos";
				SWIFT_ACTIVE_COMPILATION_CONDITIONS = DEBUG;
				SWIFT_COMPILATION_MODE = singlefile;
				SWIFT_OPTIMIZATION_LEVEL = "-Onone";
				SWIFT_VERSION = 5.5.1;
				TARGETED_DEVICE_FAMILY = "1,2";
			};
			name = Debug;
		};
		FE5A620A13D2E70A4AED7266 /* Release */ = {
			isa = XCBuildConfiguration;
			buildSettings = {
				ASSETCATALOG_COMPILER_APPICON_NAME = AppIcon;
				CODE_SIGN_ENTITLEMENTS = "$(SRCROOT)/Sources/App-iOS.entitlements";
				CODE_SIGN_IDENTITY = "Apple Development";
				CODE_SIGN_STYLE = Automatic;
				DEVELOPMENT_TEAM = 5BV57B67TB;
				ENABLE_HARDENED_RUNTIME = YES;
				ENABLE_PREVIEWS = YES;
				INFOPLIST_FILE = "Sources/Info-iOS.plist";
				LD_RUNPATH_SEARCH_PATHS = (
					"$(inherited)",
					"@executable_path/Frameworks",
				);
				PRODUCT_BUNDLE_IDENTIFIER = com.grigorye.TimeboxApp;
				PRODUCT_NAME = Timebox_iOS;
				SDKROOT = iphoneos;
				SUPPORTED_PLATFORMS = "iphonesimulator iphoneos";
				SWIFT_COMPILATION_MODE = wholemodule;
				SWIFT_OPTIMIZATION_LEVEL = "-Owholemodule";
				SWIFT_VERSION = 5.5.1;
				TARGETED_DEVICE_FAMILY = "1,2";
			};
			name = Release;
		};
/* End XCBuildConfiguration section */

/* Begin XCConfigurationList section */
		14114444BD12FACF13267E70 /* Build configuration list for PBXNativeTarget "macOS-app" */ = {
			isa = XCConfigurationList;
			buildConfigurations = (
				7E16F6AD219CA3D199212638 /* Debug */,
				0C4C52E8E5A857DEA94C5444 /* Release */,
			);
			defaultConfigurationIsVisible = 0;
			defaultConfigurationName = Release;
		};
		1A365D597262854FB008D24D /* Build configuration list for PBXNativeTarget "iOS-app" */ = {
			isa = XCConfigurationList;
			buildConfigurations = (
				E78632349C0A04768D90544D /* Debug */,
				FE5A620A13D2E70A4AED7266 /* Release */,
			);
			defaultConfigurationIsVisible = 0;
			defaultConfigurationName = Release;
		};
		D29E55CD367DD6A51F7E6F90 /* Build configuration list for PBXProject "MultiplatformTimebox" */ = {
			isa = XCConfigurationList;
			buildConfigurations = (
				20B454798ACF80FBA77F6238 /* Debug */,
				16834907C7B452B0B371B592 /* Release */,
			);
			defaultConfigurationIsVisible = 0;
			defaultConfigurationName = Release;
		};
/* End XCConfigurationList section */

/* Begin XCSwiftPackageProductDependency section */
		9C1BEF40FE87C81D73E36E79 /* MultiplatformTimeboxIOSApp */ = {
			isa = XCSwiftPackageProductDependency;
			productName = MultiplatformTimeboxIOSApp;
		};
		F1D3A75BA89A58DC59ADF539 /* MultiplatformTimeboxMacOSApp */ = {
			isa = XCSwiftPackageProductDependency;
			productName = MultiplatformTimeboxMacOSApp;
		};
/* End XCSwiftPackageProductDependency section */
	};
	rootObject = 667B378D9C02FC8039470478 /* Project object */;
}
