{
  "object": {
    "pins": [
      {
        "package": "SwiftTrace",
        "repositoryURL": "https://github.com/johnno1962/SwiftTrace",
        "state": {
          "branch": null,
          "revision": "d3de2551a4dd447d67d933506fdaac0146dfb59c",
          "version": "6.5.0"
        }
      },
      {
        "package": "Introspect",
        "repositoryURL": "https://github.com/timbersoftware/SwiftUI-Introspect",
        "state": {
          "branch": null,
          "revision": "de5c32c15ae169cfcb27397ffb2734dcd0e1e6d5",
          "version": "0.1.0"
        }
      }
    ]
  },
  "version": 1
}
